// !$*UTF8*$!
{
	archiveVersion = 1;
	classes = {
	};
	objectVersion = 46;
	objects = {

/* Begin PBXBuildFile section */
		F61759421E36A5D200F2F86D /* AppDelegate.swift in Sources */ = {isa = PBXBuildFile; fileRef = F61759411E36A5D200F2F86D /* AppDelegate.swift */; };
		F61759491E36A5D200F2F86D /* Assets.xcassets in Resources */ = {isa = PBXBuildFile; fileRef = F61759481E36A5D200F2F86D /* Assets.xcassets */; };
		F617594C1E36A5D200F2F86D /* LaunchScreen.storyboard in Resources */ = {isa = PBXBuildFile; fileRef = F617594A1E36A5D200F2F86D /* LaunchScreen.storyboard */; };
		F61759641E36A7FA00F2F86D /* NextcloudUI.framework in Frameworks */ = {isa = PBXBuildFile; fileRef = F617595B1E36A7FA00F2F86D /* NextcloudUI.framework */; };
		F617596B1E36A7FA00F2F86D /* NextcloudUITests.swift in Sources */ = {isa = PBXBuildFile; fileRef = F617596A1E36A7FA00F2F86D /* NextcloudUITests.swift */; };
		F617596D1E36A7FA00F2F86D /* NextcloudUI.h in Headers */ = {isa = PBXBuildFile; fileRef = F617595D1E36A7FA00F2F86D /* NextcloudUI.h */; settings = {ATTRIBUTES = (Public, ); }; };
		F61759701E36A7FA00F2F86D /* NextcloudUI.framework in Frameworks */ = {isa = PBXBuildFile; fileRef = F617595B1E36A7FA00F2F86D /* NextcloudUI.framework */; };
		F61759711E36A7FA00F2F86D /* NextcloudUI.framework in Embed Frameworks */ = {isa = PBXBuildFile; fileRef = F617595B1E36A7FA00F2F86D /* NextcloudUI.framework */; settings = {ATTRIBUTES = (CodeSignOnCopy, RemoveHeadersOnCopy, ); }; };
		F61759871E36A81F00F2F86D /* NextcloudCore.framework in Frameworks */ = {isa = PBXBuildFile; fileRef = F617597E1E36A81F00F2F86D /* NextcloudCore.framework */; };
		F617598E1E36A81F00F2F86D /* NextcloudCoreTests.swift in Sources */ = {isa = PBXBuildFile; fileRef = F617598D1E36A81F00F2F86D /* NextcloudCoreTests.swift */; };
		F61759901E36A81F00F2F86D /* NextcloudCore.h in Headers */ = {isa = PBXBuildFile; fileRef = F61759801E36A81F00F2F86D /* NextcloudCore.h */; settings = {ATTRIBUTES = (Public, ); }; };
		F61759931E36A81F00F2F86D /* NextcloudCore.framework in Frameworks */ = {isa = PBXBuildFile; fileRef = F617597E1E36A81F00F2F86D /* NextcloudCore.framework */; };
		F61759941E36A81F00F2F86D /* NextcloudCore.framework in Embed Frameworks */ = {isa = PBXBuildFile; fileRef = F617597E1E36A81F00F2F86D /* NextcloudCore.framework */; settings = {ATTRIBUTES = (CodeSignOnCopy, RemoveHeadersOnCopy, ); }; };
		F61759A01E36A9E700F2F86D /* AccountListModule.swift in Sources */ = {isa = PBXBuildFile; fileRef = F617599F1E36A9E700F2F86D /* AccountListModule.swift */; };
		F61759A31E36AB3100F2F86D /* ApplicationModule.swift in Sources */ = {isa = PBXBuildFile; fileRef = F61759A21E36AB3100F2F86D /* ApplicationModule.swift */; };
		F61759A51E36ABFB00F2F86D /* MainModule.swift in Sources */ = {isa = PBXBuildFile; fileRef = F61759A41E36ABFB00F2F86D /* MainModule.swift */; };
		F61759A81E36B10500F2F86D /* ResourceBrowserModule.swift in Sources */ = {isa = PBXBuildFile; fileRef = F61759A71E36B10500F2F86D /* ResourceBrowserModule.swift */; };
		F61759AD1E36BFE100F2F86D /* UserInterfaceModule.swift in Sources */ = {isa = PBXBuildFile; fileRef = F61759AC1E36BFE100F2F86D /* UserInterfaceModule.swift */; };
		F61759AF1E36C0C900F2F86D /* AccountListView.swift in Sources */ = {isa = PBXBuildFile; fileRef = F61759AE1E36C0C900F2F86D /* AccountListView.swift */; };
		F61759B41E36C12E00F2F86D /* Fountain.framework in Frameworks */ = {isa = PBXBuildFile; fileRef = F61759B21E36C11F00F2F86D /* Fountain.framework */; };
		F61759B51E36C13100F2F86D /* Fountain.framework in Frameworks */ = {isa = PBXBuildFile; fileRef = F61759B21E36C11F00F2F86D /* Fountain.framework */; };
		F61759B81E36C23F00F2F86D /* AccountListPresenter.swift in Sources */ = {isa = PBXBuildFile; fileRef = F61759B71E36C23F00F2F86D /* AccountListPresenter.swift */; };
		F61759BA1E36C2E400F2F86D /* AccountListViewController.swift in Sources */ = {isa = PBXBuildFile; fileRef = F61759B91E36C2E400F2F86D /* AccountListViewController.swift */; };
		F61759BE1E36C62F00F2F86D /* AccountListCell.swift in Sources */ = {isa = PBXBuildFile; fileRef = F61759BD1E36C62F00F2F86D /* AccountListCell.swift */; };
		F61759C21E36DCE500F2F86D /* AccountManager.swift in Sources */ = {isa = PBXBuildFile; fileRef = F61759C11E36DCE500F2F86D /* AccountManager.swift */; };
		F668B0141E425215007FE893 /* NextcloudAPI.framework in Frameworks */ = {isa = PBXBuildFile; fileRef = F668B00B1E425215007FE893 /* NextcloudAPI.framework */; };
		F668B01B1E425215007FE893 /* NextcloudAPITests.swift in Sources */ = {isa = PBXBuildFile; fileRef = F668B01A1E425215007FE893 /* NextcloudAPITests.swift */; };
		F668B01D1E425215007FE893 /* NextcloudAPI.h in Headers */ = {isa = PBXBuildFile; fileRef = F668B00D1E425215007FE893 /* NextcloudAPI.h */; settings = {ATTRIBUTES = (Public, ); }; };
		F668B0201E425215007FE893 /* NextcloudAPI.framework in Frameworks */ = {isa = PBXBuildFile; fileRef = F668B00B1E425215007FE893 /* NextcloudAPI.framework */; };
		F668B0211E425215007FE893 /* NextcloudAPI.framework in Embed Frameworks */ = {isa = PBXBuildFile; fileRef = F668B00B1E425215007FE893 /* NextcloudAPI.framework */; settings = {ATTRIBUTES = (CodeSignOnCopy, RemoveHeadersOnCopy, ); }; };
		F668B02B1E4252B4007FE893 /* NextcloudAPI.swift in Sources */ = {isa = PBXBuildFile; fileRef = F668B02A1E4252B4007FE893 /* NextcloudAPI.swift */; };
		F668B02D1E432957007FE893 /* PureXML.framework in Frameworks */ = {isa = PBXBuildFile; fileRef = F668B02C1E432957007FE893 /* PureXML.framework */; };
		F668B02E1E432969007FE893 /* PureXML.framework in Frameworks */ = {isa = PBXBuildFile; fileRef = F668B02C1E432957007FE893 /* PureXML.framework */; };
		F668B02F1E43297F007FE893 /* PureXML.framework in Frameworks */ = {isa = PBXBuildFile; fileRef = F668B02C1E432957007FE893 /* PureXML.framework */; };
		F668B0301E43298B007FE893 /* PureXML.framework in Frameworks */ = {isa = PBXBuildFile; fileRef = F668B02C1E432957007FE893 /* PureXML.framework */; };
		F668B0311E432991007FE893 /* NextcloudAPI.framework in Frameworks */ = {isa = PBXBuildFile; fileRef = F668B00B1E425215007FE893 /* NextcloudAPI.framework */; };
		F668B0331E4329ED007FE893 /* Resource.swift in Sources */ = {isa = PBXBuildFile; fileRef = F668B0321E4329ED007FE893 /* Resource.swift */; };
		F668B0351E432B6A007FE893 /* NextcloudAPIError.swift in Sources */ = {isa = PBXBuildFile; fileRef = F668B0341E432B6A007FE893 /* NextcloudAPIError.swift */; };
		F668B0371E433026007FE893 /* String.swift in Sources */ = {isa = PBXBuildFile; fileRef = F668B0361E433026007FE893 /* String.swift */; };
		F677BE911E377C6200BD488C /* Service.swift in Sources */ = {isa = PBXBuildFile; fileRef = F677BE901E377C6200BD488C /* Service.swift */; };
		F677BE961E37809D00BD488C /* AccountListDataSource.swift in Sources */ = {isa = PBXBuildFile; fileRef = F677BE951E37809D00BD488C /* AccountListDataSource.swift */; };
		F677BE971E37901300BD488C /* NextcloudCore.framework in Frameworks */ = {isa = PBXBuildFile; fileRef = F617597E1E36A81F00F2F86D /* NextcloudCore.framework */; };
		F677BE9B1E37931200BD488C /* ResourceManager.swift in Sources */ = {isa = PBXBuildFile; fileRef = F677BE9A1E37931200BD488C /* ResourceManager.swift */; };
		F677BE9D1E3796CC00BD488C /* ResourceListModule.swift in Sources */ = {isa = PBXBuildFile; fileRef = F677BE9C1E3796CC00BD488C /* ResourceListModule.swift */; };
		F677BEA21E3797FE00BD488C /* ResourceListView.swift in Sources */ = {isa = PBXBuildFile; fileRef = F677BEA11E3797FE00BD488C /* ResourceListView.swift */; };
		F677BEA41E37983200BD488C /* ResourceListViewController.swift in Sources */ = {isa = PBXBuildFile; fileRef = F677BEA31E37983200BD488C /* ResourceListViewController.swift */; };
		F677BEA61E37989100BD488C /* ResourceListCell.swift in Sources */ = {isa = PBXBuildFile; fileRef = F677BEA51E37989100BD488C /* ResourceListCell.swift */; };
		F677BEA81E3798AF00BD488C /* ResourceListPresenter.swift in Sources */ = {isa = PBXBuildFile; fileRef = F677BEA71E3798AF00BD488C /* ResourceListPresenter.swift */; };
		F677BEAB1E379AB000BD488C /* ResourceListDataSource.swift in Sources */ = {isa = PBXBuildFile; fileRef = F677BEAA1E379AB000BD488C /* ResourceListDataSource.swift */; };
		F677BEBC1E38AAAF00BD488C /* ResourceModule.swift in Sources */ = {isa = PBXBuildFile; fileRef = F677BEBB1E38AAAF00BD488C /* ResourceModule.swift */; };
		F677BEEC1E38B68000BD488C /* DocumentPickerViewController.swift in Sources */ = {isa = PBXBuildFile; fileRef = F677BEEB1E38B68000BD488C /* DocumentPickerViewController.swift */; };
		F677BF011E38B68000BD488C /* DocumentPicker.appex in Embed App Extensions */ = {isa = PBXBuildFile; fileRef = F677BEE71E38B68000BD488C /* DocumentPicker.appex */; settings = {ATTRIBUTES = (RemoveHeadersOnCopy, ); }; };
		F677BF091E38E5D200BD488C /* NextcloudCore.framework in Frameworks */ = {isa = PBXBuildFile; fileRef = F617597E1E36A81F00F2F86D /* NextcloudCore.framework */; };
		F677BF0F1E38E83A00BD488C /* NextcloudUI.framework in Frameworks */ = {isa = PBXBuildFile; fileRef = F617595B1E36A7FA00F2F86D /* NextcloudUI.framework */; };
		F677BF101E38E84000BD488C /* Fountain.framework in Frameworks */ = {isa = PBXBuildFile; fileRef = F61759B21E36C11F00F2F86D /* Fountain.framework */; };
/* End PBXBuildFile section */

/* Begin PBXContainerItemProxy section */
		F61759651E36A7FA00F2F86D /* PBXContainerItemProxy */ = {
			isa = PBXContainerItemProxy;
			containerPortal = F61759361E36A5D200F2F86D /* Project object */;
			proxyType = 1;
			remoteGlobalIDString = F617595A1E36A7FA00F2F86D;
			remoteInfo = NextcloudUI;
		};
		F61759671E36A7FA00F2F86D /* PBXContainerItemProxy */ = {
			isa = PBXContainerItemProxy;
			containerPortal = F61759361E36A5D200F2F86D /* Project object */;
			proxyType = 1;
			remoteGlobalIDString = F617593D1E36A5D200F2F86D;
			remoteInfo = Nextcloud;
		};
		F617596E1E36A7FA00F2F86D /* PBXContainerItemProxy */ = {
			isa = PBXContainerItemProxy;
			containerPortal = F61759361E36A5D200F2F86D /* Project object */;
			proxyType = 1;
			remoteGlobalIDString = F617595A1E36A7FA00F2F86D;
			remoteInfo = NextcloudUI;
		};
		F61759881E36A81F00F2F86D /* PBXContainerItemProxy */ = {
			isa = PBXContainerItemProxy;
			containerPortal = F61759361E36A5D200F2F86D /* Project object */;
			proxyType = 1;
			remoteGlobalIDString = F617597D1E36A81F00F2F86D;
			remoteInfo = NextcloudCore;
		};
		F617598A1E36A81F00F2F86D /* PBXContainerItemProxy */ = {
			isa = PBXContainerItemProxy;
			containerPortal = F61759361E36A5D200F2F86D /* Project object */;
			proxyType = 1;
			remoteGlobalIDString = F617593D1E36A5D200F2F86D;
			remoteInfo = Nextcloud;
		};
		F61759911E36A81F00F2F86D /* PBXContainerItemProxy */ = {
			isa = PBXContainerItemProxy;
			containerPortal = F61759361E36A5D200F2F86D /* Project object */;
			proxyType = 1;
			remoteGlobalIDString = F617597D1E36A81F00F2F86D;
			remoteInfo = NextcloudCore;
		};
		F668B0151E425215007FE893 /* PBXContainerItemProxy */ = {
			isa = PBXContainerItemProxy;
			containerPortal = F61759361E36A5D200F2F86D /* Project object */;
			proxyType = 1;
			remoteGlobalIDString = F668B00A1E425215007FE893;
			remoteInfo = NextcloudAPI;
		};
		F668B0171E425215007FE893 /* PBXContainerItemProxy */ = {
			isa = PBXContainerItemProxy;
			containerPortal = F61759361E36A5D200F2F86D /* Project object */;
			proxyType = 1;
			remoteGlobalIDString = F617593D1E36A5D200F2F86D;
			remoteInfo = Nextcloud;
		};
		F668B01E1E425215007FE893 /* PBXContainerItemProxy */ = {
			isa = PBXContainerItemProxy;
			containerPortal = F61759361E36A5D200F2F86D /* Project object */;
			proxyType = 1;
			remoteGlobalIDString = F668B00A1E425215007FE893;
			remoteInfo = NextcloudAPI;
		};
		F677BE981E37914000BD488C /* PBXContainerItemProxy */ = {
			isa = PBXContainerItemProxy;
			containerPortal = F61759361E36A5D200F2F86D /* Project object */;
			proxyType = 1;
			remoteGlobalIDString = F617597D1E36A81F00F2F86D;
			remoteInfo = NextcloudCore;
		};
		F677BEFF1E38B68000BD488C /* PBXContainerItemProxy */ = {
			isa = PBXContainerItemProxy;
			containerPortal = F61759361E36A5D200F2F86D /* Project object */;
			proxyType = 1;
			remoteGlobalIDString = F677BEE61E38B68000BD488C;
			remoteInfo = DocumentPicker;
		};
		F677BF0A1E38E5FB00BD488C /* PBXContainerItemProxy */ = {
			isa = PBXContainerItemProxy;
			containerPortal = F61759361E36A5D200F2F86D /* Project object */;
			proxyType = 1;
			remoteGlobalIDString = F617595A1E36A7FA00F2F86D;
			remoteInfo = NextcloudUI;
		};
		F677BF0C1E38E5FB00BD488C /* PBXContainerItemProxy */ = {
			isa = PBXContainerItemProxy;
			containerPortal = F61759361E36A5D200F2F86D /* Project object */;
			proxyType = 1;
			remoteGlobalIDString = F617597D1E36A81F00F2F86D;
			remoteInfo = NextcloudCore;
		};
/* End PBXContainerItemProxy section */

/* Begin PBXCopyFilesBuildPhase section */
		F61759751E36A7FA00F2F86D /* Embed Frameworks */ = {
			isa = PBXCopyFilesBuildPhase;
			buildActionMask = 2147483647;
			dstPath = "";
			dstSubfolderSpec = 10;
			files = (
				F668B0211E425215007FE893 /* NextcloudAPI.framework in Embed Frameworks */,
				F61759941E36A81F00F2F86D /* NextcloudCore.framework in Embed Frameworks */,
				F61759711E36A7FA00F2F86D /* NextcloudUI.framework in Embed Frameworks */,
			);
			name = "Embed Frameworks";
			runOnlyForDeploymentPostprocessing = 0;
		};
		F677BF081E38B68000BD488C /* Embed App Extensions */ = {
			isa = PBXCopyFilesBuildPhase;
			buildActionMask = 2147483647;
			dstPath = "";
			dstSubfolderSpec = 13;
			files = (
				F677BF011E38B68000BD488C /* DocumentPicker.appex in Embed App Extensions */,
			);
			name = "Embed App Extensions";
			runOnlyForDeploymentPostprocessing = 0;
		};
/* End PBXCopyFilesBuildPhase section */

/* Begin PBXFileReference section */
		F617593E1E36A5D200F2F86D /* Nextcloud.app */ = {isa = PBXFileReference; explicitFileType = wrapper.application; includeInIndex = 0; path = Nextcloud.app; sourceTree = BUILT_PRODUCTS_DIR; };
		F61759411E36A5D200F2F86D /* AppDelegate.swift */ = {isa = PBXFileReference; lastKnownFileType = sourcecode.swift; path = AppDelegate.swift; sourceTree = "<group>"; };
		F61759481E36A5D200F2F86D /* Assets.xcassets */ = {isa = PBXFileReference; lastKnownFileType = folder.assetcatalog; path = Assets.xcassets; sourceTree = "<group>"; };
		F617594B1E36A5D200F2F86D /* Base */ = {isa = PBXFileReference; lastKnownFileType = file.storyboard; name = Base; path = Base.lproj/LaunchScreen.storyboard; sourceTree = "<group>"; };
		F617594D1E36A5D200F2F86D /* Info.plist */ = {isa = PBXFileReference; lastKnownFileType = text.plist.xml; path = Info.plist; sourceTree = "<group>"; };
		F617595B1E36A7FA00F2F86D /* NextcloudUI.framework */ = {isa = PBXFileReference; explicitFileType = wrapper.framework; includeInIndex = 0; path = NextcloudUI.framework; sourceTree = BUILT_PRODUCTS_DIR; };
		F617595D1E36A7FA00F2F86D /* NextcloudUI.h */ = {isa = PBXFileReference; lastKnownFileType = sourcecode.c.h; path = NextcloudUI.h; sourceTree = "<group>"; };
		F617595E1E36A7FA00F2F86D /* Info.plist */ = {isa = PBXFileReference; lastKnownFileType = text.plist.xml; path = Info.plist; sourceTree = "<group>"; };
		F61759631E36A7FA00F2F86D /* NextcloudUITests.xctest */ = {isa = PBXFileReference; explicitFileType = wrapper.cfbundle; includeInIndex = 0; path = NextcloudUITests.xctest; sourceTree = BUILT_PRODUCTS_DIR; };
		F617596A1E36A7FA00F2F86D /* NextcloudUITests.swift */ = {isa = PBXFileReference; lastKnownFileType = sourcecode.swift; path = NextcloudUITests.swift; sourceTree = "<group>"; };
		F617596C1E36A7FA00F2F86D /* Info.plist */ = {isa = PBXFileReference; lastKnownFileType = text.plist.xml; path = Info.plist; sourceTree = "<group>"; };
		F617597E1E36A81F00F2F86D /* NextcloudCore.framework */ = {isa = PBXFileReference; explicitFileType = wrapper.framework; includeInIndex = 0; path = NextcloudCore.framework; sourceTree = BUILT_PRODUCTS_DIR; };
		F61759801E36A81F00F2F86D /* NextcloudCore.h */ = {isa = PBXFileReference; lastKnownFileType = sourcecode.c.h; path = NextcloudCore.h; sourceTree = "<group>"; };
		F61759811E36A81F00F2F86D /* Info.plist */ = {isa = PBXFileReference; lastKnownFileType = text.plist.xml; path = Info.plist; sourceTree = "<group>"; };
		F61759861E36A81F00F2F86D /* NextcloudCoreTests.xctest */ = {isa = PBXFileReference; explicitFileType = wrapper.cfbundle; includeInIndex = 0; path = NextcloudCoreTests.xctest; sourceTree = BUILT_PRODUCTS_DIR; };
		F617598D1E36A81F00F2F86D /* NextcloudCoreTests.swift */ = {isa = PBXFileReference; lastKnownFileType = sourcecode.swift; path = NextcloudCoreTests.swift; sourceTree = "<group>"; };
		F617598F1E36A81F00F2F86D /* Info.plist */ = {isa = PBXFileReference; lastKnownFileType = text.plist.xml; path = Info.plist; sourceTree = "<group>"; };
		F617599F1E36A9E700F2F86D /* AccountListModule.swift */ = {isa = PBXFileReference; fileEncoding = 4; lastKnownFileType = sourcecode.swift; path = AccountListModule.swift; sourceTree = "<group>"; };
		F61759A21E36AB3100F2F86D /* ApplicationModule.swift */ = {isa = PBXFileReference; fileEncoding = 4; lastKnownFileType = sourcecode.swift; lineEnding = 0; path = ApplicationModule.swift; sourceTree = "<group>"; xcLanguageSpecificationIdentifier = xcode.lang.swift; };
		F61759A41E36ABFB00F2F86D /* MainModule.swift */ = {isa = PBXFileReference; fileEncoding = 4; lastKnownFileType = sourcecode.swift; lineEnding = 0; path = MainModule.swift; sourceTree = "<group>"; xcLanguageSpecificationIdentifier = xcode.lang.swift; };
		F61759A71E36B10500F2F86D /* ResourceBrowserModule.swift */ = {isa = PBXFileReference; fileEncoding = 4; lastKnownFileType = sourcecode.swift; lineEnding = 0; path = ResourceBrowserModule.swift; sourceTree = "<group>"; xcLanguageSpecificationIdentifier = xcode.lang.swift; };
		F61759AC1E36BFE100F2F86D /* UserInterfaceModule.swift */ = {isa = PBXFileReference; fileEncoding = 4; lastKnownFileType = sourcecode.swift; path = UserInterfaceModule.swift; sourceTree = "<group>"; };
		F61759AE1E36C0C900F2F86D /* AccountListView.swift */ = {isa = PBXFileReference; fileEncoding = 4; lastKnownFileType = sourcecode.swift; path = AccountListView.swift; sourceTree = "<group>"; };
		F61759B21E36C11F00F2F86D /* Fountain.framework */ = {isa = PBXFileReference; lastKnownFileType = wrapper.framework; name = Fountain.framework; path = ../Carthage/Build/iOS/Fountain.framework; sourceTree = "<group>"; };
		F61759B71E36C23F00F2F86D /* AccountListPresenter.swift */ = {isa = PBXFileReference; fileEncoding = 4; lastKnownFileType = sourcecode.swift; path = AccountListPresenter.swift; sourceTree = "<group>"; };
		F61759B91E36C2E400F2F86D /* AccountListViewController.swift */ = {isa = PBXFileReference; fileEncoding = 4; lastKnownFileType = sourcecode.swift; path = AccountListViewController.swift; sourceTree = "<group>"; };
		F61759BD1E36C62F00F2F86D /* AccountListCell.swift */ = {isa = PBXFileReference; fileEncoding = 4; lastKnownFileType = sourcecode.swift; path = AccountListCell.swift; sourceTree = "<group>"; };
		F61759C11E36DCE500F2F86D /* AccountManager.swift */ = {isa = PBXFileReference; fileEncoding = 4; lastKnownFileType = sourcecode.swift; path = AccountManager.swift; sourceTree = "<group>"; };
		F668B00B1E425215007FE893 /* NextcloudAPI.framework */ = {isa = PBXFileReference; explicitFileType = wrapper.framework; includeInIndex = 0; path = NextcloudAPI.framework; sourceTree = BUILT_PRODUCTS_DIR; };
		F668B00D1E425215007FE893 /* NextcloudAPI.h */ = {isa = PBXFileReference; lastKnownFileType = sourcecode.c.h; path = NextcloudAPI.h; sourceTree = "<group>"; };
		F668B00E1E425215007FE893 /* Info.plist */ = {isa = PBXFileReference; lastKnownFileType = text.plist.xml; path = Info.plist; sourceTree = "<group>"; };
		F668B0131E425215007FE893 /* NextcloudAPITests.xctest */ = {isa = PBXFileReference; explicitFileType = wrapper.cfbundle; includeInIndex = 0; path = NextcloudAPITests.xctest; sourceTree = BUILT_PRODUCTS_DIR; };
		F668B01A1E425215007FE893 /* NextcloudAPITests.swift */ = {isa = PBXFileReference; lastKnownFileType = sourcecode.swift; path = NextcloudAPITests.swift; sourceTree = "<group>"; };
		F668B01C1E425215007FE893 /* Info.plist */ = {isa = PBXFileReference; lastKnownFileType = text.plist.xml; path = Info.plist; sourceTree = "<group>"; };
		F668B02A1E4252B4007FE893 /* NextcloudAPI.swift */ = {isa = PBXFileReference; fileEncoding = 4; lastKnownFileType = sourcecode.swift; path = NextcloudAPI.swift; sourceTree = "<group>"; };
		F668B02C1E432957007FE893 /* PureXML.framework */ = {isa = PBXFileReference; lastKnownFileType = wrapper.framework; name = PureXML.framework; path = ../Carthage/Build/iOS/PureXML.framework; sourceTree = "<group>"; };
		F668B0321E4329ED007FE893 /* Resource.swift */ = {isa = PBXFileReference; fileEncoding = 4; lastKnownFileType = sourcecode.swift; path = Resource.swift; sourceTree = "<group>"; };
		F668B0341E432B6A007FE893 /* NextcloudAPIError.swift */ = {isa = PBXFileReference; fileEncoding = 4; lastKnownFileType = sourcecode.swift; path = NextcloudAPIError.swift; sourceTree = "<group>"; };
		F668B0361E433026007FE893 /* String.swift */ = {isa = PBXFileReference; fileEncoding = 4; lastKnownFileType = sourcecode.swift; path = String.swift; sourceTree = "<group>"; };
		F677BE901E377C6200BD488C /* Service.swift */ = {isa = PBXFileReference; fileEncoding = 4; lastKnownFileType = sourcecode.swift; path = Service.swift; sourceTree = "<group>"; };
		F677BE951E37809D00BD488C /* AccountListDataSource.swift */ = {isa = PBXFileReference; fileEncoding = 4; lastKnownFileType = sourcecode.swift; path = AccountListDataSource.swift; sourceTree = "<group>"; };
		F677BE9A1E37931200BD488C /* ResourceManager.swift */ = {isa = PBXFileReference; fileEncoding = 4; lastKnownFileType = sourcecode.swift; path = ResourceManager.swift; sourceTree = "<group>"; };
		F677BE9C1E3796CC00BD488C /* ResourceListModule.swift */ = {isa = PBXFileReference; fileEncoding = 4; lastKnownFileType = sourcecode.swift; lineEnding = 0; path = ResourceListModule.swift; sourceTree = "<group>"; xcLanguageSpecificationIdentifier = xcode.lang.swift; };
		F677BEA11E3797FE00BD488C /* ResourceListView.swift */ = {isa = PBXFileReference; fileEncoding = 4; lastKnownFileType = sourcecode.swift; lineEnding = 0; path = ResourceListView.swift; sourceTree = "<group>"; xcLanguageSpecificationIdentifier = xcode.lang.swift; };
		F677BEA31E37983200BD488C /* ResourceListViewController.swift */ = {isa = PBXFileReference; fileEncoding = 4; lastKnownFileType = sourcecode.swift; lineEnding = 0; path = ResourceListViewController.swift; sourceTree = "<group>"; xcLanguageSpecificationIdentifier = xcode.lang.swift; };
		F677BEA51E37989100BD488C /* ResourceListCell.swift */ = {isa = PBXFileReference; fileEncoding = 4; lastKnownFileType = sourcecode.swift; lineEnding = 0; path = ResourceListCell.swift; sourceTree = "<group>"; xcLanguageSpecificationIdentifier = xcode.lang.swift; };
		F677BEA71E3798AF00BD488C /* ResourceListPresenter.swift */ = {isa = PBXFileReference; fileEncoding = 4; lastKnownFileType = sourcecode.swift; lineEnding = 0; path = ResourceListPresenter.swift; sourceTree = "<group>"; xcLanguageSpecificationIdentifier = xcode.lang.swift; };
		F677BEAA1E379AB000BD488C /* ResourceListDataSource.swift */ = {isa = PBXFileReference; fileEncoding = 4; lastKnownFileType = sourcecode.swift; lineEnding = 0; path = ResourceListDataSource.swift; sourceTree = "<group>"; xcLanguageSpecificationIdentifier = xcode.lang.swift; };
		F677BEBB1E38AAAF00BD488C /* ResourceModule.swift */ = {isa = PBXFileReference; fileEncoding = 4; lastKnownFileType = sourcecode.swift; path = ResourceModule.swift; sourceTree = "<group>"; };
		F677BEE71E38B68000BD488C /* DocumentPicker.appex */ = {isa = PBXFileReference; explicitFileType = "wrapper.app-extension"; includeInIndex = 0; path = DocumentPicker.appex; sourceTree = BUILT_PRODUCTS_DIR; };
		F677BEEA1E38B68000BD488C /* DocumentPicker.entitlements */ = {isa = PBXFileReference; lastKnownFileType = text.plist.entitlements; path = DocumentPicker.entitlements; sourceTree = "<group>"; };
		F677BEEB1E38B68000BD488C /* DocumentPickerViewController.swift */ = {isa = PBXFileReference; lastKnownFileType = sourcecode.swift; path = DocumentPickerViewController.swift; sourceTree = "<group>"; };
		F677BEF01E38B68000BD488C /* Info.plist */ = {isa = PBXFileReference; lastKnownFileType = text.plist.xml; path = Info.plist; sourceTree = "<group>"; };
/* End PBXFileReference section */

/* Begin PBXFrameworksBuildPhase section */
		F617593B1E36A5D200F2F86D /* Frameworks */ = {
			isa = PBXFrameworksBuildPhase;
			buildActionMask = 2147483647;
			files = (
				F61759931E36A81F00F2F86D /* NextcloudCore.framework in Frameworks */,
				F61759701E36A7FA00F2F86D /* NextcloudUI.framework in Frameworks */,
				F668B0201E425215007FE893 /* NextcloudAPI.framework in Frameworks */,
				F61759B51E36C13100F2F86D /* Fountain.framework in Frameworks */,
				F668B02E1E432969007FE893 /* PureXML.framework in Frameworks */,
			);
			runOnlyForDeploymentPostprocessing = 0;
		};
		F61759571E36A7FA00F2F86D /* Frameworks */ = {
			isa = PBXFrameworksBuildPhase;
			buildActionMask = 2147483647;
			files = (
			);
			runOnlyForDeploymentPostprocessing = 0;
		};
		F61759601E36A7FA00F2F86D /* Frameworks */ = {
			isa = PBXFrameworksBuildPhase;
			buildActionMask = 2147483647;
			files = (
				F677BE971E37901300BD488C /* NextcloudCore.framework in Frameworks */,
				F61759641E36A7FA00F2F86D /* NextcloudUI.framework in Frameworks */,
				F61759B41E36C12E00F2F86D /* Fountain.framework in Frameworks */,
				F668B02F1E43297F007FE893 /* PureXML.framework in Frameworks */,
			);
			runOnlyForDeploymentPostprocessing = 0;
		};
		F617597A1E36A81F00F2F86D /* Frameworks */ = {
			isa = PBXFrameworksBuildPhase;
			buildActionMask = 2147483647;
			files = (
			);
			runOnlyForDeploymentPostprocessing = 0;
		};
		F61759831E36A81F00F2F86D /* Frameworks */ = {
			isa = PBXFrameworksBuildPhase;
			buildActionMask = 2147483647;
			files = (
				F668B0311E432991007FE893 /* NextcloudAPI.framework in Frameworks */,
				F61759871E36A81F00F2F86D /* NextcloudCore.framework in Frameworks */,
				F668B0301E43298B007FE893 /* PureXML.framework in Frameworks */,
			);
			runOnlyForDeploymentPostprocessing = 0;
		};
		F668B0071E425215007FE893 /* Frameworks */ = {
			isa = PBXFrameworksBuildPhase;
			buildActionMask = 2147483647;
			files = (
			);
			runOnlyForDeploymentPostprocessing = 0;
		};
		F668B0101E425215007FE893 /* Frameworks */ = {
			isa = PBXFrameworksBuildPhase;
			buildActionMask = 2147483647;
			files = (
				F668B02D1E432957007FE893 /* PureXML.framework in Frameworks */,
				F668B0141E425215007FE893 /* NextcloudAPI.framework in Frameworks */,
			);
			runOnlyForDeploymentPostprocessing = 0;
		};
		F677BEE41E38B68000BD488C /* Frameworks */ = {
			isa = PBXFrameworksBuildPhase;
			buildActionMask = 2147483647;
			files = (
				F677BF0F1E38E83A00BD488C /* NextcloudUI.framework in Frameworks */,
				F677BF091E38E5D200BD488C /* NextcloudCore.framework in Frameworks */,
				F677BF101E38E84000BD488C /* Fountain.framework in Frameworks */,
			);
			runOnlyForDeploymentPostprocessing = 0;
		};
/* End PBXFrameworksBuildPhase section */

/* Begin PBXGroup section */
		F61759351E36A5D200F2F86D = {
			isa = PBXGroup;
			children = (
				F61759401E36A5D200F2F86D /* Nextcloud */,
				F617595C1E36A7FA00F2F86D /* NextcloudUI */,
				F61759691E36A7FA00F2F86D /* NextcloudUITests */,
				F617597F1E36A81F00F2F86D /* NextcloudCore */,
				F617598C1E36A81F00F2F86D /* NextcloudCoreTests */,
				F677BEE81E38B68000BD488C /* DocumentPicker */,
				F668B00C1E425215007FE893 /* NextcloudAPI */,
				F668B0191E425215007FE893 /* NextcloudAPITests */,
				F617593F1E36A5D200F2F86D /* Products */,
				F61759B11E36C11F00F2F86D /* Frameworks */,
			);
			sourceTree = "<group>";
		};
		F617593F1E36A5D200F2F86D /* Products */ = {
			isa = PBXGroup;
			children = (
				F617593E1E36A5D200F2F86D /* Nextcloud.app */,
				F617595B1E36A7FA00F2F86D /* NextcloudUI.framework */,
				F61759631E36A7FA00F2F86D /* NextcloudUITests.xctest */,
				F617597E1E36A81F00F2F86D /* NextcloudCore.framework */,
				F61759861E36A81F00F2F86D /* NextcloudCoreTests.xctest */,
				F677BEE71E38B68000BD488C /* DocumentPicker.appex */,
				F668B00B1E425215007FE893 /* NextcloudAPI.framework */,
				F668B0131E425215007FE893 /* NextcloudAPITests.xctest */,
			);
			name = Products;
			sourceTree = "<group>";
		};
		F61759401E36A5D200F2F86D /* Nextcloud */ = {
			isa = PBXGroup;
			children = (
				F61759411E36A5D200F2F86D /* AppDelegate.swift */,
				F61759A21E36AB3100F2F86D /* ApplicationModule.swift */,
				F61759541E36A62B00F2F86D /* Resources */,
				F61759551E36A63000F2F86D /* Supporting FIles */,
			);
			path = Nextcloud;
			sourceTree = "<group>";
		};
		F61759541E36A62B00F2F86D /* Resources */ = {
			isa = PBXGroup;
			children = (
				F61759481E36A5D200F2F86D /* Assets.xcassets */,
				F617594A1E36A5D200F2F86D /* LaunchScreen.storyboard */,
			);
			name = Resources;
			sourceTree = "<group>";
		};
		F61759551E36A63000F2F86D /* Supporting FIles */ = {
			isa = PBXGroup;
			children = (
				F617594D1E36A5D200F2F86D /* Info.plist */,
			);
			name = "Supporting FIles";
			sourceTree = "<group>";
		};
		F617595C1E36A7FA00F2F86D /* NextcloudUI */ = {
			isa = PBXGroup;
			children = (
				F617599C1E36A97B00F2F86D /* Common */,
				F617599B1E36A97000F2F86D /* Modules */,
				F617599D1E36A98300F2F86D /* Supporting Files */,
			);
			path = NextcloudUI;
			sourceTree = "<group>";
		};
		F61759691E36A7FA00F2F86D /* NextcloudUITests */ = {
			isa = PBXGroup;
			children = (
				F617596A1E36A7FA00F2F86D /* NextcloudUITests.swift */,
				F617596C1E36A7FA00F2F86D /* Info.plist */,
			);
			path = NextcloudUITests;
			sourceTree = "<group>";
		};
		F617597F1E36A81F00F2F86D /* NextcloudCore */ = {
			isa = PBXGroup;
			children = (
				F677BE901E377C6200BD488C /* Service.swift */,
				F61759C11E36DCE500F2F86D /* AccountManager.swift */,
				F677BE9A1E37931200BD488C /* ResourceManager.swift */,
				F677BE8F1E377C3800BD488C /* Supporting Files */,
			);
			path = NextcloudCore;
			sourceTree = "<group>";
		};
		F617598C1E36A81F00F2F86D /* NextcloudCoreTests */ = {
			isa = PBXGroup;
			children = (
				F617598D1E36A81F00F2F86D /* NextcloudCoreTests.swift */,
				F617598F1E36A81F00F2F86D /* Info.plist */,
			);
			path = NextcloudCoreTests;
			sourceTree = "<group>";
		};
		F617599B1E36A97000F2F86D /* Modules */ = {
			isa = PBXGroup;
			children = (
				F61759AC1E36BFE100F2F86D /* UserInterfaceModule.swift */,
				F617599E1E36A99700F2F86D /* Account List */,
				F61759A61E36AC0100F2F86D /* Main */,
				F677BEBA1E38AA8D00BD488C /* Resource */,
				F61759A91E36B10A00F2F86D /* Resource Browser */,
				F677BE9E1E3796D100BD488C /* Resource List */,
			);
			name = Modules;
			sourceTree = "<group>";
		};
		F617599C1E36A97B00F2F86D /* Common */ = {
			isa = PBXGroup;
			children = (
			);
			name = Common;
			sourceTree = "<group>";
		};
		F617599D1E36A98300F2F86D /* Supporting Files */ = {
			isa = PBXGroup;
			children = (
				F617595D1E36A7FA00F2F86D /* NextcloudUI.h */,
				F617595E1E36A7FA00F2F86D /* Info.plist */,
			);
			name = "Supporting Files";
			sourceTree = "<group>";
		};
		F617599E1E36A99700F2F86D /* Account List */ = {
			isa = PBXGroup;
			children = (
				F617599F1E36A9E700F2F86D /* AccountListModule.swift */,
				F61759C01E36C89C00F2F86D /* Presenter */,
				F61759BF1E36C89600F2F86D /* View */,
			);
			name = "Account List";
			sourceTree = "<group>";
		};
		F61759A61E36AC0100F2F86D /* Main */ = {
			isa = PBXGroup;
			children = (
				F61759A41E36ABFB00F2F86D /* MainModule.swift */,
			);
			name = Main;
			sourceTree = "<group>";
		};
		F61759A91E36B10A00F2F86D /* Resource Browser */ = {
			isa = PBXGroup;
			children = (
				F61759A71E36B10500F2F86D /* ResourceBrowserModule.swift */,
			);
			name = "Resource Browser";
			sourceTree = "<group>";
		};
		F61759B11E36C11F00F2F86D /* Frameworks */ = {
			isa = PBXGroup;
			children = (
				F668B02C1E432957007FE893 /* PureXML.framework */,
				F61759B21E36C11F00F2F86D /* Fountain.framework */,
			);
			name = Frameworks;
			sourceTree = "<group>";
		};
		F61759BF1E36C89600F2F86D /* View */ = {
			isa = PBXGroup;
			children = (
				F61759AE1E36C0C900F2F86D /* AccountListView.swift */,
				F61759B91E36C2E400F2F86D /* AccountListViewController.swift */,
				F61759BD1E36C62F00F2F86D /* AccountListCell.swift */,
			);
			name = View;
			sourceTree = "<group>";
		};
		F61759C01E36C89C00F2F86D /* Presenter */ = {
			isa = PBXGroup;
			children = (
				F61759B71E36C23F00F2F86D /* AccountListPresenter.swift */,
				F677BE951E37809D00BD488C /* AccountListDataSource.swift */,
			);
			name = Presenter;
			sourceTree = "<group>";
		};
		F668B00C1E425215007FE893 /* NextcloudAPI */ = {
			isa = PBXGroup;
			children = (
				F668B02A1E4252B4007FE893 /* NextcloudAPI.swift */,
				F668B0341E432B6A007FE893 /* NextcloudAPIError.swift */,
				F668B0321E4329ED007FE893 /* Resource.swift */,
				F668B0361E433026007FE893 /* String.swift */,
				F668B0281E425283007FE893 /* Supporting Files */,
			);
			path = NextcloudAPI;
			sourceTree = "<group>";
		};
		F668B0191E425215007FE893 /* NextcloudAPITests */ = {
			isa = PBXGroup;
			children = (
				F668B01A1E425215007FE893 /* NextcloudAPITests.swift */,
				F668B0291E42528C007FE893 /* Supporting Files */,
			);
			path = NextcloudAPITests;
			sourceTree = "<group>";
		};
		F668B0281E425283007FE893 /* Supporting Files */ = {
			isa = PBXGroup;
			children = (
				F668B00D1E425215007FE893 /* NextcloudAPI.h */,
				F668B00E1E425215007FE893 /* Info.plist */,
			);
			name = "Supporting Files";
			sourceTree = "<group>";
		};
		F668B0291E42528C007FE893 /* Supporting Files */ = {
			isa = PBXGroup;
			children = (
				F668B01C1E425215007FE893 /* Info.plist */,
			);
			name = "Supporting Files";
			sourceTree = "<group>";
		};
		F677BE8F1E377C3800BD488C /* Supporting Files */ = {
			isa = PBXGroup;
			children = (
				F61759801E36A81F00F2F86D /* NextcloudCore.h */,
				F61759811E36A81F00F2F86D /* Info.plist */,
			);
			name = "Supporting Files";
			sourceTree = "<group>";
		};
		F677BE9E1E3796D100BD488C /* Resource List */ = {
			isa = PBXGroup;
			children = (
				F677BE9C1E3796CC00BD488C /* ResourceListModule.swift */,
				F677BEA91E3799B400BD488C /* Presenter */,
				F677BEA01E3797F200BD488C /* View */,
			);
			name = "Resource List";
			sourceTree = "<group>";
		};
		F677BEA01E3797F200BD488C /* View */ = {
			isa = PBXGroup;
			children = (
				F677BEA11E3797FE00BD488C /* ResourceListView.swift */,
				F677BEA31E37983200BD488C /* ResourceListViewController.swift */,
				F677BEA51E37989100BD488C /* ResourceListCell.swift */,
			);
			name = View;
			sourceTree = "<group>";
		};
		F677BEA91E3799B400BD488C /* Presenter */ = {
			isa = PBXGroup;
			children = (
				F677BEA71E3798AF00BD488C /* ResourceListPresenter.swift */,
				F677BEAA1E379AB000BD488C /* ResourceListDataSource.swift */,
			);
			name = Presenter;
			sourceTree = "<group>";
		};
		F677BEBA1E38AA8D00BD488C /* Resource */ = {
			isa = PBXGroup;
			children = (
				F677BEBB1E38AAAF00BD488C /* ResourceModule.swift */,
			);
			name = Resource;
			sourceTree = "<group>";
		};
		F677BEE81E38B68000BD488C /* DocumentPicker */ = {
			isa = PBXGroup;
			children = (
				F677BEEB1E38B68000BD488C /* DocumentPickerViewController.swift */,
				F677BEF01E38B68000BD488C /* Info.plist */,
				F677BEE91E38B68000BD488C /* Supporting Files */,
			);
			path = DocumentPicker;
			sourceTree = "<group>";
		};
		F677BEE91E38B68000BD488C /* Supporting Files */ = {
			isa = PBXGroup;
			children = (
				F677BEEA1E38B68000BD488C /* DocumentPicker.entitlements */,
			);
			name = "Supporting Files";
			sourceTree = "<group>";
		};
/* End PBXGroup section */

/* Begin PBXHeadersBuildPhase section */
		F61759581E36A7FA00F2F86D /* Headers */ = {
			isa = PBXHeadersBuildPhase;
			buildActionMask = 2147483647;
			files = (
				F617596D1E36A7FA00F2F86D /* NextcloudUI.h in Headers */,
			);
			runOnlyForDeploymentPostprocessing = 0;
		};
		F617597B1E36A81F00F2F86D /* Headers */ = {
			isa = PBXHeadersBuildPhase;
			buildActionMask = 2147483647;
			files = (
				F61759901E36A81F00F2F86D /* NextcloudCore.h in Headers */,
			);
			runOnlyForDeploymentPostprocessing = 0;
		};
		F668B0081E425215007FE893 /* Headers */ = {
			isa = PBXHeadersBuildPhase;
			buildActionMask = 2147483647;
			files = (
				F668B01D1E425215007FE893 /* NextcloudAPI.h in Headers */,
			);
			runOnlyForDeploymentPostprocessing = 0;
		};
/* End PBXHeadersBuildPhase section */

/* Begin PBXNativeTarget section */
		F617593D1E36A5D200F2F86D /* Nextcloud */ = {
			isa = PBXNativeTarget;
			buildConfigurationList = F61759501E36A5D200F2F86D /* Build configuration list for PBXNativeTarget "Nextcloud" */;
			buildPhases = (
				F617593A1E36A5D200F2F86D /* Sources */,
				F617593B1E36A5D200F2F86D /* Frameworks */,
				F617593C1E36A5D200F2F86D /* Resources */,
				F61759751E36A7FA00F2F86D /* Embed Frameworks */,
				F61759B61E36C15900F2F86D /* Carthage */,
				F677BF081E38B68000BD488C /* Embed App Extensions */,
			);
			buildRules = (
			);
			dependencies = (
				F617596F1E36A7FA00F2F86D /* PBXTargetDependency */,
				F61759921E36A81F00F2F86D /* PBXTargetDependency */,
				F677BF001E38B68000BD488C /* PBXTargetDependency */,
				F668B01F1E425215007FE893 /* PBXTargetDependency */,
			);
			name = Nextcloud;
			productName = Nextcloud;
			productReference = F617593E1E36A5D200F2F86D /* Nextcloud.app */;
			productType = "com.apple.product-type.application";
		};
		F617595A1E36A7FA00F2F86D /* NextcloudUI */ = {
			isa = PBXNativeTarget;
			buildConfigurationList = F61759721E36A7FA00F2F86D /* Build configuration list for PBXNativeTarget "NextcloudUI" */;
			buildPhases = (
				F61759561E36A7FA00F2F86D /* Sources */,
				F61759571E36A7FA00F2F86D /* Frameworks */,
				F61759581E36A7FA00F2F86D /* Headers */,
				F61759591E36A7FA00F2F86D /* Resources */,
			);
			buildRules = (
			);
			dependencies = (
				F677BE991E37914000BD488C /* PBXTargetDependency */,
			);
			name = NextcloudUI;
			productName = NextcloudUI;
			productReference = F617595B1E36A7FA00F2F86D /* NextcloudUI.framework */;
			productType = "com.apple.product-type.framework";
		};
		F61759621E36A7FA00F2F86D /* NextcloudUITests */ = {
			isa = PBXNativeTarget;
			buildConfigurationList = F61759761E36A7FA00F2F86D /* Build configuration list for PBXNativeTarget "NextcloudUITests" */;
			buildPhases = (
				F617595F1E36A7FA00F2F86D /* Sources */,
				F61759601E36A7FA00F2F86D /* Frameworks */,
				F61759611E36A7FA00F2F86D /* Resources */,
			);
			buildRules = (
			);
			dependencies = (
				F61759661E36A7FA00F2F86D /* PBXTargetDependency */,
				F61759681E36A7FA00F2F86D /* PBXTargetDependency */,
			);
			name = NextcloudUITests;
			productName = NextcloudUITests;
			productReference = F61759631E36A7FA00F2F86D /* NextcloudUITests.xctest */;
			productType = "com.apple.product-type.bundle.unit-test";
		};
		F617597D1E36A81F00F2F86D /* NextcloudCore */ = {
			isa = PBXNativeTarget;
			buildConfigurationList = F61759951E36A81F00F2F86D /* Build configuration list for PBXNativeTarget "NextcloudCore" */;
			buildPhases = (
				F61759791E36A81F00F2F86D /* Sources */,
				F617597A1E36A81F00F2F86D /* Frameworks */,
				F617597B1E36A81F00F2F86D /* Headers */,
				F617597C1E36A81F00F2F86D /* Resources */,
			);
			buildRules = (
			);
			dependencies = (
			);
			name = NextcloudCore;
			productName = NextcloudCore;
			productReference = F617597E1E36A81F00F2F86D /* NextcloudCore.framework */;
			productType = "com.apple.product-type.framework";
		};
		F61759851E36A81F00F2F86D /* NextcloudCoreTests */ = {
			isa = PBXNativeTarget;
			buildConfigurationList = F61759981E36A81F00F2F86D /* Build configuration list for PBXNativeTarget "NextcloudCoreTests" */;
			buildPhases = (
				F61759821E36A81F00F2F86D /* Sources */,
				F61759831E36A81F00F2F86D /* Frameworks */,
				F61759841E36A81F00F2F86D /* Resources */,
			);
			buildRules = (
			);
			dependencies = (
				F61759891E36A81F00F2F86D /* PBXTargetDependency */,
				F617598B1E36A81F00F2F86D /* PBXTargetDependency */,
			);
			name = NextcloudCoreTests;
			productName = NextcloudCoreTests;
			productReference = F61759861E36A81F00F2F86D /* NextcloudCoreTests.xctest */;
			productType = "com.apple.product-type.bundle.unit-test";
		};
		F668B00A1E425215007FE893 /* NextcloudAPI */ = {
			isa = PBXNativeTarget;
			buildConfigurationList = F668B0261E425215007FE893 /* Build configuration list for PBXNativeTarget "NextcloudAPI" */;
			buildPhases = (
				F668B0061E425215007FE893 /* Sources */,
				F668B0071E425215007FE893 /* Frameworks */,
				F668B0081E425215007FE893 /* Headers */,
				F668B0091E425215007FE893 /* Resources */,
			);
			buildRules = (
			);
			dependencies = (
			);
			name = NextcloudAPI;
			productName = NextcloudAPI;
			productReference = F668B00B1E425215007FE893 /* NextcloudAPI.framework */;
			productType = "com.apple.product-type.framework";
		};
		F668B0121E425215007FE893 /* NextcloudAPITests */ = {
			isa = PBXNativeTarget;
			buildConfigurationList = F668B0271E425215007FE893 /* Build configuration list for PBXNativeTarget "NextcloudAPITests" */;
			buildPhases = (
				F668B00F1E425215007FE893 /* Sources */,
				F668B0101E425215007FE893 /* Frameworks */,
				F668B0111E425215007FE893 /* Resources */,
			);
			buildRules = (
			);
			dependencies = (
				F668B0161E425215007FE893 /* PBXTargetDependency */,
				F668B0181E425215007FE893 /* PBXTargetDependency */,
			);
			name = NextcloudAPITests;
			productName = NextcloudAPITests;
			productReference = F668B0131E425215007FE893 /* NextcloudAPITests.xctest */;
			productType = "com.apple.product-type.bundle.unit-test";
		};
		F677BEE61E38B68000BD488C /* DocumentPicker */ = {
			isa = PBXNativeTarget;
			buildConfigurationList = F677BF071E38B68000BD488C /* Build configuration list for PBXNativeTarget "DocumentPicker" */;
			buildPhases = (
				F677BEE31E38B68000BD488C /* Sources */,
				F677BEE41E38B68000BD488C /* Frameworks */,
				F677BEE51E38B68000BD488C /* Resources */,
			);
			buildRules = (
			);
			dependencies = (
				F677BF0B1E38E5FB00BD488C /* PBXTargetDependency */,
				F677BF0D1E38E5FB00BD488C /* PBXTargetDependency */,
			);
			name = DocumentPicker;
			productName = DocumentPicker;
			productReference = F677BEE71E38B68000BD488C /* DocumentPicker.appex */;
			productType = "com.apple.product-type.app-extension";
		};
/* End PBXNativeTarget section */

/* Begin PBXProject section */
		F61759361E36A5D200F2F86D /* Project object */ = {
			isa = PBXProject;
			attributes = {
				LastSwiftUpdateCheck = 0820;
				LastUpgradeCheck = 0820;
				ORGANIZATIONNAME = Nextcloud;
				TargetAttributes = {
					F617593D1E36A5D200F2F86D = {
						CreatedOnToolsVersion = 8.2.1;
						DevelopmentTeam = EJW69VRSSH;
						ProvisioningStyle = Automatic;
					};
					F617595A1E36A7FA00F2F86D = {
						CreatedOnToolsVersion = 8.2.1;
						DevelopmentTeam = EJW69VRSSH;
						LastSwiftMigration = 0820;
						ProvisioningStyle = Automatic;
					};
					F61759621E36A7FA00F2F86D = {
						CreatedOnToolsVersion = 8.2.1;
						DevelopmentTeam = EJW69VRSSH;
						ProvisioningStyle = Automatic;
						TestTargetID = F617593D1E36A5D200F2F86D;
					};
					F617597D1E36A81F00F2F86D = {
						CreatedOnToolsVersion = 8.2.1;
						DevelopmentTeam = EJW69VRSSH;
						LastSwiftMigration = 0820;
						ProvisioningStyle = Automatic;
					};
					F61759851E36A81F00F2F86D = {
						CreatedOnToolsVersion = 8.2.1;
						DevelopmentTeam = EJW69VRSSH;
						ProvisioningStyle = Automatic;
						TestTargetID = F617593D1E36A5D200F2F86D;
					};
					F668B00A1E425215007FE893 = {
						CreatedOnToolsVersion = 8.2.1;
						DevelopmentTeam = EJW69VRSSH;
						LastSwiftMigration = 0820;
						ProvisioningStyle = Automatic;
					};
					F668B0121E425215007FE893 = {
						CreatedOnToolsVersion = 8.2.1;
						DevelopmentTeam = EJW69VRSSH;
						ProvisioningStyle = Automatic;
						TestTargetID = F617593D1E36A5D200F2F86D;
					};
					F677BEE61E38B68000BD488C = {
						CreatedOnToolsVersion = 8.2.1;
						DevelopmentTeam = EJW69VRSSH;
						ProvisioningStyle = Automatic;
					};
				};
			};
			buildConfigurationList = F61759391E36A5D200F2F86D /* Build configuration list for PBXProject "Nextcloud" */;
			compatibilityVersion = "Xcode 3.2";
			developmentRegion = English;
			hasScannedForEncodings = 0;
			knownRegions = (
				en,
				Base,
			);
			mainGroup = F61759351E36A5D200F2F86D;
			productRefGroup = F617593F1E36A5D200F2F86D /* Products */;
			projectDirPath = "";
			projectRoot = "";
			targets = (
				F617593D1E36A5D200F2F86D /* Nextcloud */,
				F617595A1E36A7FA00F2F86D /* NextcloudUI */,
				F61759621E36A7FA00F2F86D /* NextcloudUITests */,
				F617597D1E36A81F00F2F86D /* NextcloudCore */,
				F61759851E36A81F00F2F86D /* NextcloudCoreTests */,
				F668B00A1E425215007FE893 /* NextcloudAPI */,
				F668B0121E425215007FE893 /* NextcloudAPITests */,
				F677BEE61E38B68000BD488C /* DocumentPicker */,
			);
		};
/* End PBXProject section */

/* Begin PBXResourcesBuildPhase section */
		F617593C1E36A5D200F2F86D /* Resources */ = {
			isa = PBXResourcesBuildPhase;
			buildActionMask = 2147483647;
			files = (
				F617594C1E36A5D200F2F86D /* LaunchScreen.storyboard in Resources */,
				F61759491E36A5D200F2F86D /* Assets.xcassets in Resources */,
			);
			runOnlyForDeploymentPostprocessing = 0;
		};
		F61759591E36A7FA00F2F86D /* Resources */ = {
			isa = PBXResourcesBuildPhase;
			buildActionMask = 2147483647;
			files = (
			);
			runOnlyForDeploymentPostprocessing = 0;
		};
		F61759611E36A7FA00F2F86D /* Resources */ = {
			isa = PBXResourcesBuildPhase;
			buildActionMask = 2147483647;
			files = (
			);
			runOnlyForDeploymentPostprocessing = 0;
		};
		F617597C1E36A81F00F2F86D /* Resources */ = {
			isa = PBXResourcesBuildPhase;
			buildActionMask = 2147483647;
			files = (
			);
			runOnlyForDeploymentPostprocessing = 0;
		};
		F61759841E36A81F00F2F86D /* Resources */ = {
			isa = PBXResourcesBuildPhase;
			buildActionMask = 2147483647;
			files = (
			);
			runOnlyForDeploymentPostprocessing = 0;
		};
		F668B0091E425215007FE893 /* Resources */ = {
			isa = PBXResourcesBuildPhase;
			buildActionMask = 2147483647;
			files = (
			);
			runOnlyForDeploymentPostprocessing = 0;
		};
		F668B0111E425215007FE893 /* Resources */ = {
			isa = PBXResourcesBuildPhase;
			buildActionMask = 2147483647;
			files = (
			);
			runOnlyForDeploymentPostprocessing = 0;
		};
		F677BEE51E38B68000BD488C /* Resources */ = {
			isa = PBXResourcesBuildPhase;
			buildActionMask = 2147483647;
			files = (
			);
			runOnlyForDeploymentPostprocessing = 0;
		};
/* End PBXResourcesBuildPhase section */

/* Begin PBXShellScriptBuildPhase section */
		F61759B61E36C15900F2F86D /* Carthage */ = {
			isa = PBXShellScriptBuildPhase;
			buildActionMask = 2147483647;
			files = (
			);
			inputPaths = (
				"$(SRCROOT)/../Carthage/Build/iOS/Fountain.framework",
				"$(SRCROOT)/../Carthage/Build/iOS/PureXML.framework",
			);
			name = Carthage;
			outputPaths = (
			);
			runOnlyForDeploymentPostprocessing = 0;
			shellPath = /bin/sh;
			shellScript = "/usr/local/bin/carthage copy-frameworks";
		};
/* End PBXShellScriptBuildPhase section */

/* Begin PBXSourcesBuildPhase section */
		F617593A1E36A5D200F2F86D /* Sources */ = {
			isa = PBXSourcesBuildPhase;
			buildActionMask = 2147483647;
			files = (
				F61759A31E36AB3100F2F86D /* ApplicationModule.swift in Sources */,
				F61759421E36A5D200F2F86D /* AppDelegate.swift in Sources */,
			);
			runOnlyForDeploymentPostprocessing = 0;
		};
		F61759561E36A7FA00F2F86D /* Sources */ = {
			isa = PBXSourcesBuildPhase;
			buildActionMask = 2147483647;
			files = (
				F61759B81E36C23F00F2F86D /* AccountListPresenter.swift in Sources */,
				F61759BE1E36C62F00F2F86D /* AccountListCell.swift in Sources */,
				F677BEA61E37989100BD488C /* ResourceListCell.swift in Sources */,
				F677BEA41E37983200BD488C /* ResourceListViewController.swift in Sources */,
				F61759A51E36ABFB00F2F86D /* MainModule.swift in Sources */,
				F677BE961E37809D00BD488C /* AccountListDataSource.swift in Sources */,
				F677BEA21E3797FE00BD488C /* ResourceListView.swift in Sources */,
				F61759A81E36B10500F2F86D /* ResourceBrowserModule.swift in Sources */,
				F677BEA81E3798AF00BD488C /* ResourceListPresenter.swift in Sources */,
				F677BEAB1E379AB000BD488C /* ResourceListDataSource.swift in Sources */,
				F677BE9D1E3796CC00BD488C /* ResourceListModule.swift in Sources */,
				F61759AD1E36BFE100F2F86D /* UserInterfaceModule.swift in Sources */,
				F61759A01E36A9E700F2F86D /* AccountListModule.swift in Sources */,
				F677BEBC1E38AAAF00BD488C /* ResourceModule.swift in Sources */,
				F61759BA1E36C2E400F2F86D /* AccountListViewController.swift in Sources */,
				F61759AF1E36C0C900F2F86D /* AccountListView.swift in Sources */,
			);
			runOnlyForDeploymentPostprocessing = 0;
		};
		F617595F1E36A7FA00F2F86D /* Sources */ = {
			isa = PBXSourcesBuildPhase;
			buildActionMask = 2147483647;
			files = (
				F617596B1E36A7FA00F2F86D /* NextcloudUITests.swift in Sources */,
			);
			runOnlyForDeploymentPostprocessing = 0;
		};
		F61759791E36A81F00F2F86D /* Sources */ = {
			isa = PBXSourcesBuildPhase;
			buildActionMask = 2147483647;
			files = (
				F61759C21E36DCE500F2F86D /* AccountManager.swift in Sources */,
				F677BE9B1E37931200BD488C /* ResourceManager.swift in Sources */,
				F677BE911E377C6200BD488C /* Service.swift in Sources */,
			);
			runOnlyForDeploymentPostprocessing = 0;
		};
		F61759821E36A81F00F2F86D /* Sources */ = {
			isa = PBXSourcesBuildPhase;
			buildActionMask = 2147483647;
			files = (
				F617598E1E36A81F00F2F86D /* NextcloudCoreTests.swift in Sources */,
			);
			runOnlyForDeploymentPostprocessing = 0;
		};
		F668B0061E425215007FE893 /* Sources */ = {
			isa = PBXSourcesBuildPhase;
			buildActionMask = 2147483647;
			files = (
				F668B02B1E4252B4007FE893 /* NextcloudAPI.swift in Sources */,
				F668B0331E4329ED007FE893 /* Resource.swift in Sources */,
				F668B0371E433026007FE893 /* String.swift in Sources */,
				F668B0351E432B6A007FE893 /* NextcloudAPIError.swift in Sources */,
			);
			runOnlyForDeploymentPostprocessing = 0;
		};
		F668B00F1E425215007FE893 /* Sources */ = {
			isa = PBXSourcesBuildPhase;
			buildActionMask = 2147483647;
			files = (
				F668B01B1E425215007FE893 /* NextcloudAPITests.swift in Sources */,
			);
			runOnlyForDeploymentPostprocessing = 0;
		};
		F677BEE31E38B68000BD488C /* Sources */ = {
			isa = PBXSourcesBuildPhase;
			buildActionMask = 2147483647;
			files = (
				F677BEEC1E38B68000BD488C /* DocumentPickerViewController.swift in Sources */,
			);
			runOnlyForDeploymentPostprocessing = 0;
		};
/* End PBXSourcesBuildPhase section */

/* Begin PBXTargetDependency section */
		F61759661E36A7FA00F2F86D /* PBXTargetDependency */ = {
			isa = PBXTargetDependency;
			target = F617595A1E36A7FA00F2F86D /* NextcloudUI */;
			targetProxy = F61759651E36A7FA00F2F86D /* PBXContainerItemProxy */;
		};
		F61759681E36A7FA00F2F86D /* PBXTargetDependency */ = {
			isa = PBXTargetDependency;
			target = F617593D1E36A5D200F2F86D /* Nextcloud */;
			targetProxy = F61759671E36A7FA00F2F86D /* PBXContainerItemProxy */;
		};
		F617596F1E36A7FA00F2F86D /* PBXTargetDependency */ = {
			isa = PBXTargetDependency;
			target = F617595A1E36A7FA00F2F86D /* NextcloudUI */;
			targetProxy = F617596E1E36A7FA00F2F86D /* PBXContainerItemProxy */;
		};
		F61759891E36A81F00F2F86D /* PBXTargetDependency */ = {
			isa = PBXTargetDependency;
			target = F617597D1E36A81F00F2F86D /* NextcloudCore */;
			targetProxy = F61759881E36A81F00F2F86D /* PBXContainerItemProxy */;
		};
		F617598B1E36A81F00F2F86D /* PBXTargetDependency */ = {
			isa = PBXTargetDependency;
			target = F617593D1E36A5D200F2F86D /* Nextcloud */;
			targetProxy = F617598A1E36A81F00F2F86D /* PBXContainerItemProxy */;
		};
		F61759921E36A81F00F2F86D /* PBXTargetDependency */ = {
			isa = PBXTargetDependency;
			target = F617597D1E36A81F00F2F86D /* NextcloudCore */;
			targetProxy = F61759911E36A81F00F2F86D /* PBXContainerItemProxy */;
		};
		F668B0161E425215007FE893 /* PBXTargetDependency */ = {
			isa = PBXTargetDependency;
			target = F668B00A1E425215007FE893 /* NextcloudAPI */;
			targetProxy = F668B0151E425215007FE893 /* PBXContainerItemProxy */;
		};
		F668B0181E425215007FE893 /* PBXTargetDependency */ = {
			isa = PBXTargetDependency;
			target = F617593D1E36A5D200F2F86D /* Nextcloud */;
			targetProxy = F668B0171E425215007FE893 /* PBXContainerItemProxy */;
		};
		F668B01F1E425215007FE893 /* PBXTargetDependency */ = {
			isa = PBXTargetDependency;
			target = F668B00A1E425215007FE893 /* NextcloudAPI */;
			targetProxy = F668B01E1E425215007FE893 /* PBXContainerItemProxy */;
		};
		F677BE991E37914000BD488C /* PBXTargetDependency */ = {
			isa = PBXTargetDependency;
			target = F617597D1E36A81F00F2F86D /* NextcloudCore */;
			targetProxy = F677BE981E37914000BD488C /* PBXContainerItemProxy */;
		};
		F677BF001E38B68000BD488C /* PBXTargetDependency */ = {
			isa = PBXTargetDependency;
			target = F677BEE61E38B68000BD488C /* DocumentPicker */;
			targetProxy = F677BEFF1E38B68000BD488C /* PBXContainerItemProxy */;
		};
		F677BF0B1E38E5FB00BD488C /* PBXTargetDependency */ = {
			isa = PBXTargetDependency;
			target = F617595A1E36A7FA00F2F86D /* NextcloudUI */;
			targetProxy = F677BF0A1E38E5FB00BD488C /* PBXContainerItemProxy */;
		};
		F677BF0D1E38E5FB00BD488C /* PBXTargetDependency */ = {
			isa = PBXTargetDependency;
			target = F617597D1E36A81F00F2F86D /* NextcloudCore */;
			targetProxy = F677BF0C1E38E5FB00BD488C /* PBXContainerItemProxy */;
		};
/* End PBXTargetDependency section */

/* Begin PBXVariantGroup section */
		F617594A1E36A5D200F2F86D /* LaunchScreen.storyboard */ = {
			isa = PBXVariantGroup;
			children = (
				F617594B1E36A5D200F2F86D /* Base */,
			);
			name = LaunchScreen.storyboard;
			sourceTree = "<group>";
		};
/* End PBXVariantGroup section */

/* Begin XCBuildConfiguration section */
		F617594E1E36A5D200F2F86D /* Debug */ = {
			isa = XCBuildConfiguration;
			buildSettings = {
				ALWAYS_SEARCH_USER_PATHS = NO;
				CLANG_ANALYZER_NONNULL = YES;
				CLANG_CXX_LANGUAGE_STANDARD = "gnu++0x";
				CLANG_CXX_LIBRARY = "libc++";
				CLANG_ENABLE_MODULES = YES;
				CLANG_ENABLE_OBJC_ARC = YES;
				CLANG_WARN_BOOL_CONVERSION = YES;
				CLANG_WARN_CONSTANT_CONVERSION = YES;
				CLANG_WARN_DIRECT_OBJC_ISA_USAGE = YES_ERROR;
				CLANG_WARN_DOCUMENTATION_COMMENTS = YES;
				CLANG_WARN_EMPTY_BODY = YES;
				CLANG_WARN_ENUM_CONVERSION = YES;
				CLANG_WARN_INFINITE_RECURSION = YES;
				CLANG_WARN_INT_CONVERSION = YES;
				CLANG_WARN_OBJC_ROOT_CLASS = YES_ERROR;
				CLANG_WARN_SUSPICIOUS_MOVE = YES;
				CLANG_WARN_UNREACHABLE_CODE = YES;
				CLANG_WARN__DUPLICATE_METHOD_MATCH = YES;
				"CODE_SIGN_IDENTITY[sdk=iphoneos*]" = "iPhone Developer";
				COPY_PHASE_STRIP = NO;
				DEBUG_INFORMATION_FORMAT = dwarf;
				ENABLE_STRICT_OBJC_MSGSEND = YES;
				ENABLE_TESTABILITY = YES;
				GCC_C_LANGUAGE_STANDARD = gnu99;
				GCC_DYNAMIC_NO_PIC = NO;
				GCC_NO_COMMON_BLOCKS = YES;
				GCC_OPTIMIZATION_LEVEL = 0;
				GCC_PREPROCESSOR_DEFINITIONS = (
					"DEBUG=1",
					"$(inherited)",
				);
				GCC_WARN_64_TO_32_BIT_CONVERSION = YES;
				GCC_WARN_ABOUT_RETURN_TYPE = YES_ERROR;
				GCC_WARN_UNDECLARED_SELECTOR = YES;
				GCC_WARN_UNINITIALIZED_AUTOS = YES_AGGRESSIVE;
				GCC_WARN_UNUSED_FUNCTION = YES;
				GCC_WARN_UNUSED_VARIABLE = YES;
				IPHONEOS_DEPLOYMENT_TARGET = 10.2;
				MTL_ENABLE_DEBUG_INFO = YES;
				ONLY_ACTIVE_ARCH = YES;
				SDKROOT = iphoneos;
				SWIFT_ACTIVE_COMPILATION_CONDITIONS = DEBUG;
				SWIFT_OPTIMIZATION_LEVEL = "-Onone";
				TARGETED_DEVICE_FAMILY = "1,2";
			};
			name = Debug;
		};
		F617594F1E36A5D200F2F86D /* Release */ = {
			isa = XCBuildConfiguration;
			buildSettings = {
				ALWAYS_SEARCH_USER_PATHS = NO;
				CLANG_ANALYZER_NONNULL = YES;
				CLANG_CXX_LANGUAGE_STANDARD = "gnu++0x";
				CLANG_CXX_LIBRARY = "libc++";
				CLANG_ENABLE_MODULES = YES;
				CLANG_ENABLE_OBJC_ARC = YES;
				CLANG_WARN_BOOL_CONVERSION = YES;
				CLANG_WARN_CONSTANT_CONVERSION = YES;
				CLANG_WARN_DIRECT_OBJC_ISA_USAGE = YES_ERROR;
				CLANG_WARN_DOCUMENTATION_COMMENTS = YES;
				CLANG_WARN_EMPTY_BODY = YES;
				CLANG_WARN_ENUM_CONVERSION = YES;
				CLANG_WARN_INFINITE_RECURSION = YES;
				CLANG_WARN_INT_CONVERSION = YES;
				CLANG_WARN_OBJC_ROOT_CLASS = YES_ERROR;
				CLANG_WARN_SUSPICIOUS_MOVE = YES;
				CLANG_WARN_UNREACHABLE_CODE = YES;
				CLANG_WARN__DUPLICATE_METHOD_MATCH = YES;
				"CODE_SIGN_IDENTITY[sdk=iphoneos*]" = "iPhone Developer";
				COPY_PHASE_STRIP = NO;
				DEBUG_INFORMATION_FORMAT = "dwarf-with-dsym";
				ENABLE_NS_ASSERTIONS = NO;
				ENABLE_STRICT_OBJC_MSGSEND = YES;
				GCC_C_LANGUAGE_STANDARD = gnu99;
				GCC_NO_COMMON_BLOCKS = YES;
				GCC_WARN_64_TO_32_BIT_CONVERSION = YES;
				GCC_WARN_ABOUT_RETURN_TYPE = YES_ERROR;
				GCC_WARN_UNDECLARED_SELECTOR = YES;
				GCC_WARN_UNINITIALIZED_AUTOS = YES_AGGRESSIVE;
				GCC_WARN_UNUSED_FUNCTION = YES;
				GCC_WARN_UNUSED_VARIABLE = YES;
				IPHONEOS_DEPLOYMENT_TARGET = 10.2;
				MTL_ENABLE_DEBUG_INFO = NO;
				SDKROOT = iphoneos;
				SWIFT_OPTIMIZATION_LEVEL = "-Owholemodule";
				TARGETED_DEVICE_FAMILY = "1,2";
				VALIDATE_PRODUCT = YES;
			};
			name = Release;
		};
		F61759511E36A5D200F2F86D /* Debug */ = {
			isa = XCBuildConfiguration;
			buildSettings = {
				ALWAYS_EMBED_SWIFT_STANDARD_LIBRARIES = YES;
				ASSETCATALOG_COMPILER_APPICON_NAME = AppIcon;
				DEVELOPMENT_TEAM = EJW69VRSSH;
				FRAMEWORK_SEARCH_PATHS = "$(SRCROOT)/../Carthage/Build/iOS/";
				INFOPLIST_FILE = Nextcloud/Info.plist;
				IPHONEOS_DEPLOYMENT_TARGET = 8.0;
				LD_RUNPATH_SEARCH_PATHS = "$(inherited) @executable_path/Frameworks";
				PRODUCT_BUNDLE_IDENTIFIER = com.nextcloud.Nextcloud;
				PRODUCT_NAME = "$(TARGET_NAME)";
				SWIFT_VERSION = 3.0;
			};
			name = Debug;
		};
		F61759521E36A5D200F2F86D /* Release */ = {
			isa = XCBuildConfiguration;
			buildSettings = {
				ALWAYS_EMBED_SWIFT_STANDARD_LIBRARIES = YES;
				ASSETCATALOG_COMPILER_APPICON_NAME = AppIcon;
				DEVELOPMENT_TEAM = EJW69VRSSH;
				FRAMEWORK_SEARCH_PATHS = "$(SRCROOT)/../Carthage/Build/iOS/";
				INFOPLIST_FILE = Nextcloud/Info.plist;
				IPHONEOS_DEPLOYMENT_TARGET = 8.0;
				LD_RUNPATH_SEARCH_PATHS = "$(inherited) @executable_path/Frameworks";
				PRODUCT_BUNDLE_IDENTIFIER = com.nextcloud.Nextcloud;
				PRODUCT_NAME = "$(TARGET_NAME)";
				SWIFT_VERSION = 3.0;
			};
			name = Release;
		};
		F61759731E36A7FA00F2F86D /* Debug */ = {
			isa = XCBuildConfiguration;
			buildSettings = {
				APPLICATION_EXTENSION_API_ONLY = YES;
				CLANG_ENABLE_MODULES = YES;
				CODE_SIGN_IDENTITY = "";
				CURRENT_PROJECT_VERSION = 1;
				DEFINES_MODULE = YES;
				DEVELOPMENT_TEAM = EJW69VRSSH;
				DYLIB_COMPATIBILITY_VERSION = 1;
				DYLIB_CURRENT_VERSION = 1;
				DYLIB_INSTALL_NAME_BASE = "@rpath";
				FRAMEWORK_SEARCH_PATHS = "$(SRCROOT)/../Carthage/Build/iOS/";
				INFOPLIST_FILE = NextcloudUI/Info.plist;
				INSTALL_PATH = "$(LOCAL_LIBRARY_DIR)/Frameworks";
				IPHONEOS_DEPLOYMENT_TARGET = 8.0;
				LD_RUNPATH_SEARCH_PATHS = "$(inherited) @executable_path/Frameworks @loader_path/Frameworks";
				PRODUCT_BUNDLE_IDENTIFIER = com.nextcloud.NextcloudUI;
				PRODUCT_NAME = "$(TARGET_NAME)";
				SKIP_INSTALL = YES;
				SWIFT_OPTIMIZATION_LEVEL = "-Onone";
				SWIFT_VERSION = 3.0;
				VERSIONING_SYSTEM = "apple-generic";
				VERSION_INFO_PREFIX = "";
			};
			name = Debug;
		};
		F61759741E36A7FA00F2F86D /* Release */ = {
			isa = XCBuildConfiguration;
			buildSettings = {
				APPLICATION_EXTENSION_API_ONLY = YES;
				CLANG_ENABLE_MODULES = YES;
				CODE_SIGN_IDENTITY = "";
				CURRENT_PROJECT_VERSION = 1;
				DEFINES_MODULE = YES;
				DEVELOPMENT_TEAM = EJW69VRSSH;
				DYLIB_COMPATIBILITY_VERSION = 1;
				DYLIB_CURRENT_VERSION = 1;
				DYLIB_INSTALL_NAME_BASE = "@rpath";
				FRAMEWORK_SEARCH_PATHS = "$(SRCROOT)/../Carthage/Build/iOS/";
				INFOPLIST_FILE = NextcloudUI/Info.plist;
				INSTALL_PATH = "$(LOCAL_LIBRARY_DIR)/Frameworks";
				IPHONEOS_DEPLOYMENT_TARGET = 8.0;
				LD_RUNPATH_SEARCH_PATHS = "$(inherited) @executable_path/Frameworks @loader_path/Frameworks";
				PRODUCT_BUNDLE_IDENTIFIER = com.nextcloud.NextcloudUI;
				PRODUCT_NAME = "$(TARGET_NAME)";
				SKIP_INSTALL = YES;
				SWIFT_VERSION = 3.0;
				VERSIONING_SYSTEM = "apple-generic";
				VERSION_INFO_PREFIX = "";
			};
			name = Release;
		};
		F61759771E36A7FA00F2F86D /* Debug */ = {
			isa = XCBuildConfiguration;
			buildSettings = {
				ALWAYS_EMBED_SWIFT_STANDARD_LIBRARIES = YES;
				DEVELOPMENT_TEAM = EJW69VRSSH;
				FRAMEWORK_SEARCH_PATHS = "$(SRCROOT)/../Carthage/Build/iOS/";
				INFOPLIST_FILE = NextcloudUITests/Info.plist;
				LD_RUNPATH_SEARCH_PATHS = "$(inherited) @executable_path/Frameworks @loader_path/Frameworks";
				PRODUCT_BUNDLE_IDENTIFIER = com.nextcloud.NextcloudUITests;
				PRODUCT_NAME = "$(TARGET_NAME)";
				SWIFT_VERSION = 3.0;
				TEST_HOST = "$(BUILT_PRODUCTS_DIR)/Nextcloud.app/Nextcloud";
			};
			name = Debug;
		};
		F61759781E36A7FA00F2F86D /* Release */ = {
			isa = XCBuildConfiguration;
			buildSettings = {
				ALWAYS_EMBED_SWIFT_STANDARD_LIBRARIES = YES;
				DEVELOPMENT_TEAM = EJW69VRSSH;
				FRAMEWORK_SEARCH_PATHS = "$(SRCROOT)/../Carthage/Build/iOS/";
				INFOPLIST_FILE = NextcloudUITests/Info.plist;
				LD_RUNPATH_SEARCH_PATHS = "$(inherited) @executable_path/Frameworks @loader_path/Frameworks";
				PRODUCT_BUNDLE_IDENTIFIER = com.nextcloud.NextcloudUITests;
				PRODUCT_NAME = "$(TARGET_NAME)";
				SWIFT_VERSION = 3.0;
				TEST_HOST = "$(BUILT_PRODUCTS_DIR)/Nextcloud.app/Nextcloud";
			};
			name = Release;
		};
		F61759961E36A81F00F2F86D /* Debug */ = {
			isa = XCBuildConfiguration;
			buildSettings = {
				APPLICATION_EXTENSION_API_ONLY = YES;
				CLANG_ENABLE_MODULES = YES;
				CODE_SIGN_IDENTITY = "";
				CURRENT_PROJECT_VERSION = 1;
				DEFINES_MODULE = YES;
				DEVELOPMENT_TEAM = EJW69VRSSH;
				DYLIB_COMPATIBILITY_VERSION = 1;
				DYLIB_CURRENT_VERSION = 1;
				DYLIB_INSTALL_NAME_BASE = "@rpath";
				FRAMEWORK_SEARCH_PATHS = "$(SRCROOT)/../Carthage/Build/iOS/";
				INFOPLIST_FILE = NextcloudCore/Info.plist;
				INSTALL_PATH = "$(LOCAL_LIBRARY_DIR)/Frameworks";
				IPHONEOS_DEPLOYMENT_TARGET = 8.0;
				LD_RUNPATH_SEARCH_PATHS = "$(inherited) @executable_path/Frameworks @loader_path/Frameworks";
				PRODUCT_BUNDLE_IDENTIFIER = com.nextcloud.NextcloudCore;
				PRODUCT_NAME = "$(TARGET_NAME)";
				SKIP_INSTALL = YES;
				SWIFT_OPTIMIZATION_LEVEL = "-Onone";
				SWIFT_VERSION = 3.0;
				VERSIONING_SYSTEM = "apple-generic";
				VERSION_INFO_PREFIX = "";
			};
			name = Debug;
		};
		F61759971E36A81F00F2F86D /* Release */ = {
			isa = XCBuildConfiguration;
			buildSettings = {
				APPLICATION_EXTENSION_API_ONLY = YES;
				CLANG_ENABLE_MODULES = YES;
				CODE_SIGN_IDENTITY = "";
				CURRENT_PROJECT_VERSION = 1;
				DEFINES_MODULE = YES;
				DEVELOPMENT_TEAM = EJW69VRSSH;
				DYLIB_COMPATIBILITY_VERSION = 1;
				DYLIB_CURRENT_VERSION = 1;
				DYLIB_INSTALL_NAME_BASE = "@rpath";
				FRAMEWORK_SEARCH_PATHS = "$(SRCROOT)/../Carthage/Build/iOS/";
				INFOPLIST_FILE = NextcloudCore/Info.plist;
				INSTALL_PATH = "$(LOCAL_LIBRARY_DIR)/Frameworks";
				IPHONEOS_DEPLOYMENT_TARGET = 8.0;
				LD_RUNPATH_SEARCH_PATHS = "$(inherited) @executable_path/Frameworks @loader_path/Frameworks";
				PRODUCT_BUNDLE_IDENTIFIER = com.nextcloud.NextcloudCore;
				PRODUCT_NAME = "$(TARGET_NAME)";
				SKIP_INSTALL = YES;
				SWIFT_VERSION = 3.0;
				VERSIONING_SYSTEM = "apple-generic";
				VERSION_INFO_PREFIX = "";
			};
			name = Release;
		};
		F61759991E36A81F00F2F86D /* Debug */ = {
			isa = XCBuildConfiguration;
			buildSettings = {
				ALWAYS_EMBED_SWIFT_STANDARD_LIBRARIES = YES;
				DEVELOPMENT_TEAM = EJW69VRSSH;
				FRAMEWORK_SEARCH_PATHS = "$(SRCROOT)/../Carthage/Build/iOS/";
				INFOPLIST_FILE = NextcloudCoreTests/Info.plist;
				LD_RUNPATH_SEARCH_PATHS = "$(inherited) @executable_path/Frameworks @loader_path/Frameworks";
				PRODUCT_BUNDLE_IDENTIFIER = com.nextcloud.NextcloudCoreTests;
				PRODUCT_NAME = "$(TARGET_NAME)";
				SWIFT_VERSION = 3.0;
				TEST_HOST = "$(BUILT_PRODUCTS_DIR)/Nextcloud.app/Nextcloud";
			};
			name = Debug;
		};
		F617599A1E36A81F00F2F86D /* Release */ = {
			isa = XCBuildConfiguration;
			buildSettings = {
				ALWAYS_EMBED_SWIFT_STANDARD_LIBRARIES = YES;
				DEVELOPMENT_TEAM = EJW69VRSSH;
				FRAMEWORK_SEARCH_PATHS = "$(SRCROOT)/../Carthage/Build/iOS/";
				INFOPLIST_FILE = NextcloudCoreTests/Info.plist;
				LD_RUNPATH_SEARCH_PATHS = "$(inherited) @executable_path/Frameworks @loader_path/Frameworks";
				PRODUCT_BUNDLE_IDENTIFIER = com.nextcloud.NextcloudCoreTests;
				PRODUCT_NAME = "$(TARGET_NAME)";
				SWIFT_VERSION = 3.0;
				TEST_HOST = "$(BUILT_PRODUCTS_DIR)/Nextcloud.app/Nextcloud";
			};
			name = Release;
		};
		F668B0221E425215007FE893 /* Debug */ = {
			isa = XCBuildConfiguration;
			buildSettings = {
				CLANG_ENABLE_MODULES = YES;
				CODE_SIGN_IDENTITY = "";
				CURRENT_PROJECT_VERSION = 1;
				DEFINES_MODULE = YES;
				DEVELOPMENT_TEAM = EJW69VRSSH;
				DYLIB_COMPATIBILITY_VERSION = 1;
				DYLIB_CURRENT_VERSION = 1;
				DYLIB_INSTALL_NAME_BASE = "@rpath";
				FRAMEWORK_SEARCH_PATHS = "$(SRCROOT)/../Carthage/Build/iOS/";
				INFOPLIST_FILE = NextcloudAPI/Info.plist;
				INSTALL_PATH = "$(LOCAL_LIBRARY_DIR)/Frameworks";
				LD_RUNPATH_SEARCH_PATHS = "$(inherited) @executable_path/Frameworks @loader_path/Frameworks";
				PRODUCT_BUNDLE_IDENTIFIER = com.nextcloud.NextcloudAPI;
				PRODUCT_NAME = "$(TARGET_NAME)";
				SKIP_INSTALL = YES;
				SWIFT_OPTIMIZATION_LEVEL = "-Onone";
				SWIFT_VERSION = 3.0;
				VERSIONING_SYSTEM = "apple-generic";
				VERSION_INFO_PREFIX = "";
			};
			name = Debug;
		};
		F668B0231E425215007FE893 /* Release */ = {
			isa = XCBuildConfiguration;
			buildSettings = {
				CLANG_ENABLE_MODULES = YES;
				CODE_SIGN_IDENTITY = "";
				CURRENT_PROJECT_VERSION = 1;
				DEFINES_MODULE = YES;
				DEVELOPMENT_TEAM = EJW69VRSSH;
				DYLIB_COMPATIBILITY_VERSION = 1;
				DYLIB_CURRENT_VERSION = 1;
				DYLIB_INSTALL_NAME_BASE = "@rpath";
				FRAMEWORK_SEARCH_PATHS = "$(SRCROOT)/../Carthage/Build/iOS/";
				INFOPLIST_FILE = NextcloudAPI/Info.plist;
				INSTALL_PATH = "$(LOCAL_LIBRARY_DIR)/Frameworks";
				LD_RUNPATH_SEARCH_PATHS = "$(inherited) @executable_path/Frameworks @loader_path/Frameworks";
				PRODUCT_BUNDLE_IDENTIFIER = com.nextcloud.NextcloudAPI;
				PRODUCT_NAME = "$(TARGET_NAME)";
				SKIP_INSTALL = YES;
				SWIFT_VERSION = 3.0;
				VERSIONING_SYSTEM = "apple-generic";
				VERSION_INFO_PREFIX = "";
			};
			name = Release;
		};
		F668B0241E425215007FE893 /* Debug */ = {
			isa = XCBuildConfiguration;
			buildSettings = {
				ALWAYS_EMBED_SWIFT_STANDARD_LIBRARIES = YES;
				DEVELOPMENT_TEAM = EJW69VRSSH;
				FRAMEWORK_SEARCH_PATHS = "$(SRCROOT)/../Carthage/Build/iOS/";
				INFOPLIST_FILE = NextcloudAPITests/Info.plist;
				LD_RUNPATH_SEARCH_PATHS = "$(inherited) @executable_path/Frameworks @loader_path/Frameworks";
				PRODUCT_BUNDLE_IDENTIFIER = com.nextcloud.NextcloudAPITests;
				PRODUCT_NAME = "$(TARGET_NAME)";
				SWIFT_VERSION = 3.0;
				TEST_HOST = "$(BUILT_PRODUCTS_DIR)/Nextcloud.app/Nextcloud";
			};
			name = Debug;
		};
		F668B0251E425215007FE893 /* Release */ = {
			isa = XCBuildConfiguration;
			buildSettings = {
				ALWAYS_EMBED_SWIFT_STANDARD_LIBRARIES = YES;
				DEVELOPMENT_TEAM = EJW69VRSSH;
				FRAMEWORK_SEARCH_PATHS = "$(SRCROOT)/../Carthage/Build/iOS/";
				INFOPLIST_FILE = NextcloudAPITests/Info.plist;
				LD_RUNPATH_SEARCH_PATHS = "$(inherited) @executable_path/Frameworks @loader_path/Frameworks";
				PRODUCT_BUNDLE_IDENTIFIER = com.nextcloud.NextcloudAPITests;
				PRODUCT_NAME = "$(TARGET_NAME)";
				SWIFT_VERSION = 3.0;
				TEST_HOST = "$(BUILT_PRODUCTS_DIR)/Nextcloud.app/Nextcloud";
			};
			name = Release;
		};
		F677BF021E38B68000BD488C /* Debug */ = {
			isa = XCBuildConfiguration;
			buildSettings = {
				CODE_SIGN_ENTITLEMENTS = DocumentPicker/DocumentPicker.entitlements;
				DEVELOPMENT_TEAM = EJW69VRSSH;
				FRAMEWORK_SEARCH_PATHS = "$(SRCROOT)/../Carthage/Build/iOS/";
				INFOPLIST_FILE = DocumentPicker/Info.plist;
				LD_RUNPATH_SEARCH_PATHS = "$(inherited) @executable_path/Frameworks @executable_path/../../Frameworks";
				PRODUCT_BUNDLE_IDENTIFIER = com.nextcloud.Nextcloud.DocumentPicker;
				PRODUCT_NAME = "$(TARGET_NAME)";
				SKIP_INSTALL = YES;
				SWIFT_VERSION = 3.0;
			};
			name = Debug;
		};
		F677BF031E38B68000BD488C /* Release */ = {
			isa = XCBuildConfiguration;
			buildSettings = {
				CODE_SIGN_ENTITLEMENTS = DocumentPicker/DocumentPicker.entitlements;
				DEVELOPMENT_TEAM = EJW69VRSSH;
				FRAMEWORK_SEARCH_PATHS = "$(SRCROOT)/../Carthage/Build/iOS/";
				INFOPLIST_FILE = DocumentPicker/Info.plist;
				LD_RUNPATH_SEARCH_PATHS = "$(inherited) @executable_path/Frameworks @executable_path/../../Frameworks";
				PRODUCT_BUNDLE_IDENTIFIER = com.nextcloud.Nextcloud.DocumentPicker;
				PRODUCT_NAME = "$(TARGET_NAME)";
				SKIP_INSTALL = YES;
				SWIFT_VERSION = 3.0;
			};
			name = Release;
		};
/* End XCBuildConfiguration section */

/* Begin XCConfigurationList section */
		F61759391E36A5D200F2F86D /* Build configuration list for PBXProject "Nextcloud" */ = {
			isa = XCConfigurationList;
			buildConfigurations = (
				F617594E1E36A5D200F2F86D /* Debug */,
				F617594F1E36A5D200F2F86D /* Release */,
			);
			defaultConfigurationIsVisible = 0;
			defaultConfigurationName = Release;
		};
		F61759501E36A5D200F2F86D /* Build configuration list for PBXNativeTarget "Nextcloud" */ = {
			isa = XCConfigurationList;
			buildConfigurations = (
				F61759511E36A5D200F2F86D /* Debug */,
				F61759521E36A5D200F2F86D /* Release */,
			);
			defaultConfigurationIsVisible = 0;
			defaultConfigurationName = Release;
		};
		F61759721E36A7FA00F2F86D /* Build configuration list for PBXNativeTarget "NextcloudUI" */ = {
			isa = XCConfigurationList;
			buildConfigurations = (
				F61759731E36A7FA00F2F86D /* Debug */,
				F61759741E36A7FA00F2F86D /* Release */,
			);
			defaultConfigurationIsVisible = 0;
			defaultConfigurationName = Release;
		};
		F61759761E36A7FA00F2F86D /* Build configuration list for PBXNativeTarget "NextcloudUITests" */ = {
			isa = XCConfigurationList;
			buildConfigurations = (
				F61759771E36A7FA00F2F86D /* Debug */,
				F61759781E36A7FA00F2F86D /* Release */,
			);
			defaultConfigurationIsVisible = 0;
			defaultConfigurationName = Release;
		};
		F61759951E36A81F00F2F86D /* Build configuration list for PBXNativeTarget "NextcloudCore" */ = {
			isa = XCConfigurationList;
			buildConfigurations = (
				F61759961E36A81F00F2F86D /* Debug */,
				F61759971E36A81F00F2F86D /* Release */,
			);
			defaultConfigurationIsVisible = 0;
			defaultConfigurationName = Release;
		};
		F61759981E36A81F00F2F86D /* Build configuration list for PBXNativeTarget "NextcloudCoreTests" */ = {
			isa = XCConfigurationList;
			buildConfigurations = (
				F61759991E36A81F00F2F86D /* Debug */,
				F617599A1E36A81F00F2F86D /* Release */,
			);
			defaultConfigurationIsVisible = 0;
			defaultConfigurationName = Release;
		};
		F668B0261E425215007FE893 /* Build configuration list for PBXNativeTarget "NextcloudAPI" */ = {
			isa = XCConfigurationList;
			buildConfigurations = (
				F668B0221E425215007FE893 /* Debug */,
				F668B0231E425215007FE893 /* Release */,
			);
			defaultConfigurationIsVisible = 0;
		};
		F668B0271E425215007FE893 /* Build configuration list for PBXNativeTarget "NextcloudAPITests" */ = {
			isa = XCConfigurationList;
			buildConfigurations = (
				F668B0241E425215007FE893 /* Debug */,
				F668B0251E425215007FE893 /* Release */,
			);
			defaultConfigurationIsVisible = 0;
		};
		F677BF071E38B68000BD488C /* Build configuration list for PBXNativeTarget "DocumentPicker" */ = {
			isa = XCConfigurationList;
			buildConfigurations = (
				F677BF021E38B68000BD488C /* Debug */,
				F677BF031E38B68000BD488C /* Release */,
			);
			defaultConfigurationIsVisible = 0;
			defaultConfigurationName = Release;
		};
/* End XCConfigurationList section */
	};
	rootObject = F61759361E36A5D200F2F86D /* Project object */;
}
