// !$*UTF8*$!
{
	archiveVersion = 1;
	classes = {
	};
	objectVersion = 46;
	objects = {

/* Begin PBXBuildFile section */
		F61759421E36A5D200F2F86D /* AppDelegate.swift in Sources */ = {isa = PBXBuildFile; fileRef = F61759411E36A5D200F2F86D /* AppDelegate.swift */; };
		F61759441E36A5D200F2F86D /* ViewController.swift in Sources */ = {isa = PBXBuildFile; fileRef = F61759431E36A5D200F2F86D /* ViewController.swift */; };
		F61759471E36A5D200F2F86D /* Main.storyboard in Resources */ = {isa = PBXBuildFile; fileRef = F61759451E36A5D200F2F86D /* Main.storyboard */; };
		F61759491E36A5D200F2F86D /* Assets.xcassets in Resources */ = {isa = PBXBuildFile; fileRef = F61759481E36A5D200F2F86D /* Assets.xcassets */; };
		F617594C1E36A5D200F2F86D /* LaunchScreen.storyboard in Resources */ = {isa = PBXBuildFile; fileRef = F617594A1E36A5D200F2F86D /* LaunchScreen.storyboard */; };
/* End PBXBuildFile section */

/* Begin PBXFileReference section */
		F617593E1E36A5D200F2F86D /* Nextcloud.app */ = {isa = PBXFileReference; explicitFileType = wrapper.application; includeInIndex = 0; path = Nextcloud.app; sourceTree = BUILT_PRODUCTS_DIR; };
		F61759411E36A5D200F2F86D /* AppDelegate.swift */ = {isa = PBXFileReference; lastKnownFileType = sourcecode.swift; path = AppDelegate.swift; sourceTree = "<group>"; };
		F61759431E36A5D200F2F86D /* ViewController.swift */ = {isa = PBXFileReference; lastKnownFileType = sourcecode.swift; path = ViewController.swift; sourceTree = "<group>"; };
		F61759461E36A5D200F2F86D /* Base */ = {isa = PBXFileReference; lastKnownFileType = file.storyboard; name = Base; path = Base.lproj/Main.storyboard; sourceTree = "<group>"; };
		F61759481E36A5D200F2F86D /* Assets.xcassets */ = {isa = PBXFileReference; lastKnownFileType = folder.assetcatalog; path = Assets.xcassets; sourceTree = "<group>"; };
		F617594B1E36A5D200F2F86D /* Base */ = {isa = PBXFileReference; lastKnownFileType = file.storyboard; name = Base; path = Base.lproj/LaunchScreen.storyboard; sourceTree = "<group>"; };
		F617594D1E36A5D200F2F86D /* Info.plist */ = {isa = PBXFileReference; lastKnownFileType = text.plist.xml; path = Info.plist; sourceTree = "<group>"; };
/* End PBXFileReference section */

/* Begin PBXFrameworksBuildPhase section */
		F617593B1E36A5D200F2F86D /* Frameworks */ = {
			isa = PBXFrameworksBuildPhase;
			buildActionMask = 2147483647;
			files = (
			);
			runOnlyForDeploymentPostprocessing = 0;
		};
/* End PBXFrameworksBuildPhase section */

/* Begin PBXGroup section */
		F61759351E36A5D200F2F86D = {
			isa = PBXGroup;
			children = (
				F61759401E36A5D200F2F86D /* Nextcloud */,
				F617593F1E36A5D200F2F86D /* Products */,
			);
			sourceTree = "<group>";
		};
		F617593F1E36A5D200F2F86D /* Products */ = {
			isa = PBXGroup;
			children = (
				F617593E1E36A5D200F2F86D /* Nextcloud.app */,
			);
			name = Products;
			sourceTree = "<group>";
		};
		F61759401E36A5D200F2F86D /* Nextcloud */ = {
			isa = PBXGroup;
			children = (
				F61759411E36A5D200F2F86D /* AppDelegate.swift */,
				F61759531E36A61B00F2F86D /* User Interface */,
				F61759541E36A62B00F2F86D /* Resources */,
				F61759551E36A63000F2F86D /* Supporting FIles */,
			);
			path = Nextcloud;
			sourceTree = "<group>";
		};
		F61759531E36A61B00F2F86D /* User Interface */ = {
			isa = PBXGroup;
			children = (
				F61759431E36A5D200F2F86D /* ViewController.swift */,
				F61759451E36A5D200F2F86D /* Main.storyboard */,
			);
			name = "User Interface";
			sourceTree = "<group>";
		};
		F61759541E36A62B00F2F86D /* Resources */ = {
			isa = PBXGroup;
			children = (
				F61759481E36A5D200F2F86D /* Assets.xcassets */,
				F617594A1E36A5D200F2F86D /* LaunchScreen.storyboard */,
			);
			name = Resources;
			sourceTree = "<group>";
		};
		F61759551E36A63000F2F86D /* Supporting FIles */ = {
			isa = PBXGroup;
			children = (
				F617594D1E36A5D200F2F86D /* Info.plist */,
			);
			name = "Supporting FIles";
			sourceTree = "<group>";
		};
/* End PBXGroup section */

/* Begin PBXNativeTarget section */
		F617593D1E36A5D200F2F86D /* Nextcloud */ = {
			isa = PBXNativeTarget;
			buildConfigurationList = F61759501E36A5D200F2F86D /* Build configuration list for PBXNativeTarget "Nextcloud" */;
			buildPhases = (
				F617593A1E36A5D200F2F86D /* Sources */,
				F617593B1E36A5D200F2F86D /* Frameworks */,
				F617593C1E36A5D200F2F86D /* Resources */,
			);
			buildRules = (
			);
			dependencies = (
			);
			name = Nextcloud;
			productName = Nextcloud;
			productReference = F617593E1E36A5D200F2F86D /* Nextcloud.app */;
			productType = "com.apple.product-type.application";
		};
/* End PBXNativeTarget section */

/* Begin PBXProject section */
		F61759361E36A5D200F2F86D /* Project object */ = {
			isa = PBXProject;
			attributes = {
				LastSwiftUpdateCheck = 0820;
				LastUpgradeCheck = 0820;
				ORGANIZATIONNAME = Nextcloud;
				TargetAttributes = {
					F617593D1E36A5D200F2F86D = {
						CreatedOnToolsVersion = 8.2.1;
						DevelopmentTeam = EJW69VRSSH;
						ProvisioningStyle = Automatic;
					};
				};
			};
			buildConfigurationList = F61759391E36A5D200F2F86D /* Build configuration list for PBXProject "Nextcloud" */;
			compatibilityVersion = "Xcode 3.2";
			developmentRegion = English;
			hasScannedForEncodings = 0;
			knownRegions = (
				en,
				Base,
			);
			mainGroup = F61759351E36A5D200F2F86D;
			productRefGroup = F617593F1E36A5D200F2F86D /* Products */;
			projectDirPath = "";
			projectRoot = "";
			targets = (
				F617593D1E36A5D200F2F86D /* Nextcloud */,
			);
		};
/* End PBXProject section */

/* Begin PBXResourcesBuildPhase section */
		F617593C1E36A5D200F2F86D /* Resources */ = {
			isa = PBXResourcesBuildPhase;
			buildActionMask = 2147483647;
			files = (
				F617594C1E36A5D200F2F86D /* LaunchScreen.storyboard in Resources */,
				F61759491E36A5D200F2F86D /* Assets.xcassets in Resources */,
				F61759471E36A5D200F2F86D /* Main.storyboard in Resources */,
			);
			runOnlyForDeploymentPostprocessing = 0;
		};
/* End PBXResourcesBuildPhase section */

/* Begin PBXSourcesBuildPhase section */
		F617593A1E36A5D200F2F86D /* Sources */ = {
			isa = PBXSourcesBuildPhase;
			buildActionMask = 2147483647;
			files = (
				F61759441E36A5D200F2F86D /* ViewController.swift in Sources */,
				F61759421E36A5D200F2F86D /* AppDelegate.swift in Sources */,
			);
			runOnlyForDeploymentPostprocessing = 0;
		};
/* End PBXSourcesBuildPhase section */

/* Begin PBXVariantGroup section */
		F61759451E36A5D200F2F86D /* Main.storyboard */ = {
			isa = PBXVariantGroup;
			children = (
				F61759461E36A5D200F2F86D /* Base */,
			);
			name = Main.storyboard;
			sourceTree = "<group>";
		};
		F617594A1E36A5D200F2F86D /* LaunchScreen.storyboard */ = {
			isa = PBXVariantGroup;
			children = (
				F617594B1E36A5D200F2F86D /* Base */,
			);
			name = LaunchScreen.storyboard;
			sourceTree = "<group>";
		};
/* End PBXVariantGroup section */

/* Begin XCBuildConfiguration section */
		F617594E1E36A5D200F2F86D /* Debug */ = {
			isa = XCBuildConfiguration;
			buildSettings = {
				ALWAYS_SEARCH_USER_PATHS = NO;
				CLANG_ANALYZER_NONNULL = YES;
				CLANG_CXX_LANGUAGE_STANDARD = "gnu++0x";
				CLANG_CXX_LIBRARY = "libc++";
				CLANG_ENABLE_MODULES = YES;
				CLANG_ENABLE_OBJC_ARC = YES;
				CLANG_WARN_BOOL_CONVERSION = YES;
				CLANG_WARN_CONSTANT_CONVERSION = YES;
				CLANG_WARN_DIRECT_OBJC_ISA_USAGE = YES_ERROR;
				CLANG_WARN_DOCUMENTATION_COMMENTS = YES;
				CLANG_WARN_EMPTY_BODY = YES;
				CLANG_WARN_ENUM_CONVERSION = YES;
				CLANG_WARN_INFINITE_RECURSION = YES;
				CLANG_WARN_INT_CONVERSION = YES;
				CLANG_WARN_OBJC_ROOT_CLASS = YES_ERROR;
				CLANG_WARN_SUSPICIOUS_MOVE = YES;
				CLANG_WARN_UNREACHABLE_CODE = YES;
				CLANG_WARN__DUPLICATE_METHOD_MATCH = YES;
				"CODE_SIGN_IDENTITY[sdk=iphoneos*]" = "iPhone Developer";
				COPY_PHASE_STRIP = NO;
				DEBUG_INFORMATION_FORMAT = dwarf;
				ENABLE_STRICT_OBJC_MSGSEND = YES;
				ENABLE_TESTABILITY = YES;
				GCC_C_LANGUAGE_STANDARD = gnu99;
				GCC_DYNAMIC_NO_PIC = NO;
				GCC_NO_COMMON_BLOCKS = YES;
				GCC_OPTIMIZATION_LEVEL = 0;
				GCC_PREPROCESSOR_DEFINITIONS = (
					"DEBUG=1",
					"$(inherited)",
				);
				GCC_WARN_64_TO_32_BIT_CONVERSION = YES;
				GCC_WARN_ABOUT_RETURN_TYPE = YES_ERROR;
				GCC_WARN_UNDECLARED_SELECTOR = YES;
				GCC_WARN_UNINITIALIZED_AUTOS = YES_AGGRESSIVE;
				GCC_WARN_UNUSED_FUNCTION = YES;
				GCC_WARN_UNUSED_VARIABLE = YES;
				IPHONEOS_DEPLOYMENT_TARGET = 10.2;
				MTL_ENABLE_DEBUG_INFO = YES;
				ONLY_ACTIVE_ARCH = YES;
				SDKROOT = iphoneos;
				SWIFT_ACTIVE_COMPILATION_CONDITIONS = DEBUG;
				SWIFT_OPTIMIZATION_LEVEL = "-Onone";
				TARGETED_DEVICE_FAMILY = "1,2";
			};
			name = Debug;
		};
		F617594F1E36A5D200F2F86D /* Release */ = {
			isa = XCBuildConfiguration;
			buildSettings = {
				ALWAYS_SEARCH_USER_PATHS = NO;
				CLANG_ANALYZER_NONNULL = YES;
				CLANG_CXX_LANGUAGE_STANDARD = "gnu++0x";
				CLANG_CXX_LIBRARY = "libc++";
				CLANG_ENABLE_MODULES = YES;
				CLANG_ENABLE_OBJC_ARC = YES;
				CLANG_WARN_BOOL_CONVERSION = YES;
				CLANG_WARN_CONSTANT_CONVERSION = YES;
				CLANG_WARN_DIRECT_OBJC_ISA_USAGE = YES_ERROR;
				CLANG_WARN_DOCUMENTATION_COMMENTS = YES;
				CLANG_WARN_EMPTY_BODY = YES;
				CLANG_WARN_ENUM_CONVERSION = YES;
				CLANG_WARN_INFINITE_RECURSION = YES;
				CLANG_WARN_INT_CONVERSION = YES;
				CLANG_WARN_OBJC_ROOT_CLASS = YES_ERROR;
				CLANG_WARN_SUSPICIOUS_MOVE = YES;
				CLANG_WARN_UNREACHABLE_CODE = YES;
				CLANG_WARN__DUPLICATE_METHOD_MATCH = YES;
				"CODE_SIGN_IDENTITY[sdk=iphoneos*]" = "iPhone Developer";
				COPY_PHASE_STRIP = NO;
				DEBUG_INFORMATION_FORMAT = "dwarf-with-dsym";
				ENABLE_NS_ASSERTIONS = NO;
				ENABLE_STRICT_OBJC_MSGSEND = YES;
				GCC_C_LANGUAGE_STANDARD = gnu99;
				GCC_NO_COMMON_BLOCKS = YES;
				GCC_WARN_64_TO_32_BIT_CONVERSION = YES;
				GCC_WARN_ABOUT_RETURN_TYPE = YES_ERROR;
				GCC_WARN_UNDECLARED_SELECTOR = YES;
				GCC_WARN_UNINITIALIZED_AUTOS = YES_AGGRESSIVE;
				GCC_WARN_UNUSED_FUNCTION = YES;
				GCC_WARN_UNUSED_VARIABLE = YES;
				IPHONEOS_DEPLOYMENT_TARGET = 10.2;
				MTL_ENABLE_DEBUG_INFO = NO;
				SDKROOT = iphoneos;
				SWIFT_OPTIMIZATION_LEVEL = "-Owholemodule";
				TARGETED_DEVICE_FAMILY = "1,2";
				VALIDATE_PRODUCT = YES;
			};
			name = Release;
		};
		F61759511E36A5D200F2F86D /* Debug */ = {
			isa = XCBuildConfiguration;
			buildSettings = {
				ASSETCATALOG_COMPILER_APPICON_NAME = AppIcon;
				DEVELOPMENT_TEAM = EJW69VRSSH;
				INFOPLIST_FILE = Nextcloud/Info.plist;
				IPHONEOS_DEPLOYMENT_TARGET = 8.0;
				LD_RUNPATH_SEARCH_PATHS = "$(inherited) @executable_path/Frameworks";
				PRODUCT_BUNDLE_IDENTIFIER = com.nextcloud.Nextcloud;
				PRODUCT_NAME = "$(TARGET_NAME)";
				SWIFT_VERSION = 3.0;
			};
			name = Debug;
		};
		F61759521E36A5D200F2F86D /* Release */ = {
			isa = XCBuildConfiguration;
			buildSettings = {
				ASSETCATALOG_COMPILER_APPICON_NAME = AppIcon;
				DEVELOPMENT_TEAM = EJW69VRSSH;
				INFOPLIST_FILE = Nextcloud/Info.plist;
				IPHONEOS_DEPLOYMENT_TARGET = 8.0;
				LD_RUNPATH_SEARCH_PATHS = "$(inherited) @executable_path/Frameworks";
				PRODUCT_BUNDLE_IDENTIFIER = com.nextcloud.Nextcloud;
				PRODUCT_NAME = "$(TARGET_NAME)";
				SWIFT_VERSION = 3.0;
			};
			name = Release;
		};
/* End XCBuildConfiguration section */

/* Begin XCConfigurationList section */
		F61759391E36A5D200F2F86D /* Build configuration list for PBXProject "Nextcloud" */ = {
			isa = XCConfigurationList;
			buildConfigurations = (
				F617594E1E36A5D200F2F86D /* Debug */,
				F617594F1E36A5D200F2F86D /* Release */,
			);
			defaultConfigurationIsVisible = 0;
			defaultConfigurationName = Release;
		};
		F61759501E36A5D200F2F86D /* Build configuration list for PBXNativeTarget "Nextcloud" */ = {
			isa = XCConfigurationList;
			buildConfigurations = (
				F61759511E36A5D200F2F86D /* Debug */,
				F61759521E36A5D200F2F86D /* Release */,
			);
			defaultConfigurationIsVisible = 0;
		};
/* End XCConfigurationList section */
	};
	rootObject = F61759361E36A5D200F2F86D /* Project object */;
}
